// !$*UTF8*$!
{
	archiveVersion = 1;
	classes = {
	};
	objectVersion = 50;
	objects = {

/* Begin PBXBuildFile section */
		8F09196C2468DCD3006723B7 /* GameBoardTests.swift in Sources */ = {isa = PBXBuildFile; fileRef = 8F09196B2468DCD3006723B7 /* GameBoardTests.swift */; };
		8F09197024691901006723B7 /* GameStateTests.swift in Sources */ = {isa = PBXBuildFile; fileRef = 8F09196F24691901006723B7 /* GameStateTests.swift */; };
		8F114E2B246D0C7000E00E72 /* PlayerType.swift in Sources */ = {isa = PBXBuildFile; fileRef = 8F114E2A246D0C7000E00E72 /* PlayerType.swift */; };
		8F114E31246D0E1A00E00E72 /* RandomCoordinateOperation.swift in Sources */ = {isa = PBXBuildFile; fileRef = 8F114E30246D0E1A00E00E72 /* RandomCoordinateOperation.swift */; };
		8F1B2E85247222B300470280 /* ComputerOperation.swift in Sources */ = {isa = PBXBuildFile; fileRef = 8F1B2E84247222B300470280 /* ComputerOperation.swift */; };
		8F1B2E892472284E00470280 /* Player.swift in Sources */ = {isa = PBXBuildFile; fileRef = 8F1B2E882472284E00470280 /* Player.swift */; };
		8F1B2E8B2472294000470280 /* Human.swift in Sources */ = {isa = PBXBuildFile; fileRef = 8F1B2E8A2472294000470280 /* Human.swift */; };
		8F331C9A246E570600308F50 /* PlayerTypeTests.swift in Sources */ = {isa = PBXBuildFile; fileRef = 8F331C99246E570600308F50 /* PlayerTypeTests.swift */; };
		8F331C9C246E57B300308F50 /* ModelsHelper.swift in Sources */ = {isa = PBXBuildFile; fileRef = 8F331C9B246E57B300308F50 /* ModelsHelper.swift */; };
		8F331C9E246E596E00308F50 /* RandomCoordinateOperationTests.swift in Sources */ = {isa = PBXBuildFile; fileRef = 8F331C9D246E596E00308F50 /* RandomCoordinateOperationTests.swift */; };
		8F331CA0246E603B00308F50 /* ComputerTests.swift in Sources */ = {isa = PBXBuildFile; fileRef = 8F331C9F246E603B00308F50 /* ComputerTests.swift */; };
		8F839F532472337000F821E7 /* Players.swift in Sources */ = {isa = PBXBuildFile; fileRef = 8F839F522472337000F821E7 /* Players.swift */; };
		8F839F5524725F0200F821E7 /* PlayersTests.swift in Sources */ = {isa = PBXBuildFile; fileRef = 8F839F5424725F0200F821E7 /* PlayersTests.swift */; };
		8F889111246D1B3000F27D54 /* Computer.swift in Sources */ = {isa = PBXBuildFile; fileRef = 8F889110246D1B3000F27D54 /* Computer.swift */; };
		8F8D627F2464E84A007E7E0B /* GameStateRepository.swift in Sources */ = {isa = PBXBuildFile; fileRef = 8F8D627E2464E84A007E7E0B /* GameStateRepository.swift */; };
		8F8D62812464E913007E7E0B /* GameStateFileStore.swift in Sources */ = {isa = PBXBuildFile; fileRef = 8F8D62802464E913007E7E0B /* GameStateFileStore.swift */; };
		8F8D62832464F470007E7E0B /* BoardCell.swift in Sources */ = {isa = PBXBuildFile; fileRef = 8F8D62822464F470007E7E0B /* BoardCell.swift */; };
		8F8D62852464F620007E7E0B /* GameState.swift in Sources */ = {isa = PBXBuildFile; fileRef = 8F8D62842464F620007E7E0B /* GameState.swift */; };
		8F8D62872464F68F007E7E0B /* Coordinate.swift in Sources */ = {isa = PBXBuildFile; fileRef = 8F8D62862464F68F007E7E0B /* Coordinate.swift */; };
		8F8D628B2464FF56007E7E0B /* BoardCellTests.swift in Sources */ = {isa = PBXBuildFile; fileRef = 8F8D628A2464FF56007E7E0B /* BoardCellTests.swift */; };
		8FBB0D80246BBBE8001A548F /* DiskExtensions.swift in Sources */ = {isa = PBXBuildFile; fileRef = 8FBB0D7F246BBBE8001A548F /* DiskExtensions.swift */; };
		D636B39F23D35043007F370F /* DiskView.swift in Sources */ = {isa = PBXBuildFile; fileRef = D636B39E23D35043007F370F /* DiskView.swift */; };
		D642BDB423A9FE4500396732 /* AppDelegate.swift in Sources */ = {isa = PBXBuildFile; fileRef = D642BDB323A9FE4500396732 /* AppDelegate.swift */; };
		D642BDB623A9FE4500396732 /* SceneDelegate.swift in Sources */ = {isa = PBXBuildFile; fileRef = D642BDB523A9FE4500396732 /* SceneDelegate.swift */; };
		D642BDB823A9FE4500396732 /* ViewController.swift in Sources */ = {isa = PBXBuildFile; fileRef = D642BDB723A9FE4500396732 /* ViewController.swift */; };
		D642BDBB23A9FE4500396732 /* Main.storyboard in Resources */ = {isa = PBXBuildFile; fileRef = D642BDB923A9FE4500396732 /* Main.storyboard */; };
		D642BDBD23A9FE4700396732 /* Assets.xcassets in Resources */ = {isa = PBXBuildFile; fileRef = D642BDBC23A9FE4700396732 /* Assets.xcassets */; };
		D642BDC023A9FE4700396732 /* LaunchScreen.storyboard in Resources */ = {isa = PBXBuildFile; fileRef = D642BDBE23A9FE4700396732 /* LaunchScreen.storyboard */; };
		D642BDCB23A9FE4700396732 /* GameStateFileStoreTests.swift in Sources */ = {isa = PBXBuildFile; fileRef = D642BDCA23A9FE4700396732 /* GameStateFileStoreTests.swift */; };
		D642BDD623AA0B3900396732 /* CellView.swift in Sources */ = {isa = PBXBuildFile; fileRef = D642BDD523AA0B3900396732 /* CellView.swift */; };
		D642BDD823AA0B5700396732 /* Disk.swift in Sources */ = {isa = PBXBuildFile; fileRef = D642BDD723AA0B5700396732 /* Disk.swift */; };
		D642BDDC23AA137C00396732 /* BoardView.swift in Sources */ = {isa = PBXBuildFile; fileRef = D642BDDB23AA137C00396732 /* BoardView.swift */; };
		D6CAD3D62465237500F5A153 /* GameBoard.swift in Sources */ = {isa = PBXBuildFile; fileRef = D6CAD3D52465237500F5A153 /* GameBoard.swift */; };
/* End PBXBuildFile section */

/* Begin PBXContainerItemProxy section */
		D642BDC723A9FE4700396732 /* PBXContainerItemProxy */ = {
			isa = PBXContainerItemProxy;
			containerPortal = D642BDA823A9FE4500396732 /* Project object */;
			proxyType = 1;
			remoteGlobalIDString = D642BDAF23A9FE4500396732;
			remoteInfo = Reversi;
		};
/* End PBXContainerItemProxy section */

/* Begin PBXFileReference section */
		8F09196B2468DCD3006723B7 /* GameBoardTests.swift */ = {isa = PBXFileReference; lastKnownFileType = sourcecode.swift; path = GameBoardTests.swift; sourceTree = "<group>"; };
		8F09196F24691901006723B7 /* GameStateTests.swift */ = {isa = PBXFileReference; lastKnownFileType = sourcecode.swift; path = GameStateTests.swift; sourceTree = "<group>"; };
		8F114E2A246D0C7000E00E72 /* PlayerType.swift */ = {isa = PBXFileReference; lastKnownFileType = sourcecode.swift; path = PlayerType.swift; sourceTree = "<group>"; };
		8F114E30246D0E1A00E00E72 /* RandomCoordinateOperation.swift */ = {isa = PBXFileReference; lastKnownFileType = sourcecode.swift; path = RandomCoordinateOperation.swift; sourceTree = "<group>"; };
		8F1B2E84247222B300470280 /* ComputerOperation.swift */ = {isa = PBXFileReference; lastKnownFileType = sourcecode.swift; path = ComputerOperation.swift; sourceTree = "<group>"; };
		8F1B2E882472284E00470280 /* Player.swift */ = {isa = PBXFileReference; lastKnownFileType = sourcecode.swift; path = Player.swift; sourceTree = "<group>"; };
		8F1B2E8A2472294000470280 /* Human.swift */ = {isa = PBXFileReference; lastKnownFileType = sourcecode.swift; path = Human.swift; sourceTree = "<group>"; };
		8F331C99246E570600308F50 /* PlayerTypeTests.swift */ = {isa = PBXFileReference; lastKnownFileType = sourcecode.swift; path = PlayerTypeTests.swift; sourceTree = "<group>"; };
		8F331C9B246E57B300308F50 /* ModelsHelper.swift */ = {isa = PBXFileReference; lastKnownFileType = sourcecode.swift; path = ModelsHelper.swift; sourceTree = "<group>"; };
		8F331C9D246E596E00308F50 /* RandomCoordinateOperationTests.swift */ = {isa = PBXFileReference; lastKnownFileType = sourcecode.swift; path = RandomCoordinateOperationTests.swift; sourceTree = "<group>"; };
		8F331C9F246E603B00308F50 /* ComputerTests.swift */ = {isa = PBXFileReference; lastKnownFileType = sourcecode.swift; path = ComputerTests.swift; sourceTree = "<group>"; };
		8F839F522472337000F821E7 /* Players.swift */ = {isa = PBXFileReference; lastKnownFileType = sourcecode.swift; path = Players.swift; sourceTree = "<group>"; };
		8F839F5424725F0200F821E7 /* PlayersTests.swift */ = {isa = PBXFileReference; lastKnownFileType = sourcecode.swift; path = PlayersTests.swift; sourceTree = "<group>"; };
		8F889110246D1B3000F27D54 /* Computer.swift */ = {isa = PBXFileReference; lastKnownFileType = sourcecode.swift; path = Computer.swift; sourceTree = "<group>"; };
		8F8D627E2464E84A007E7E0B /* GameStateRepository.swift */ = {isa = PBXFileReference; lastKnownFileType = sourcecode.swift; path = GameStateRepository.swift; sourceTree = "<group>"; };
		8F8D62802464E913007E7E0B /* GameStateFileStore.swift */ = {isa = PBXFileReference; lastKnownFileType = sourcecode.swift; path = GameStateFileStore.swift; sourceTree = "<group>"; };
		8F8D62822464F470007E7E0B /* BoardCell.swift */ = {isa = PBXFileReference; lastKnownFileType = sourcecode.swift; path = BoardCell.swift; sourceTree = "<group>"; };
		8F8D62842464F620007E7E0B /* GameState.swift */ = {isa = PBXFileReference; lastKnownFileType = sourcecode.swift; path = GameState.swift; sourceTree = "<group>"; };
		8F8D62862464F68F007E7E0B /* Coordinate.swift */ = {isa = PBXFileReference; lastKnownFileType = sourcecode.swift; path = Coordinate.swift; sourceTree = "<group>"; };
		8F8D628A2464FF56007E7E0B /* BoardCellTests.swift */ = {isa = PBXFileReference; lastKnownFileType = sourcecode.swift; path = BoardCellTests.swift; sourceTree = "<group>"; };
		8FBB0D7F246BBBE8001A548F /* DiskExtensions.swift */ = {isa = PBXFileReference; lastKnownFileType = sourcecode.swift; path = DiskExtensions.swift; sourceTree = "<group>"; };
		D636B39E23D35043007F370F /* DiskView.swift */ = {isa = PBXFileReference; lastKnownFileType = sourcecode.swift; path = DiskView.swift; sourceTree = "<group>"; };
		D642BDB023A9FE4500396732 /* Reversi.app */ = {isa = PBXFileReference; explicitFileType = wrapper.application; includeInIndex = 0; path = Reversi.app; sourceTree = BUILT_PRODUCTS_DIR; };
		D642BDB323A9FE4500396732 /* AppDelegate.swift */ = {isa = PBXFileReference; lastKnownFileType = sourcecode.swift; path = AppDelegate.swift; sourceTree = "<group>"; };
		D642BDB523A9FE4500396732 /* SceneDelegate.swift */ = {isa = PBXFileReference; lastKnownFileType = sourcecode.swift; path = SceneDelegate.swift; sourceTree = "<group>"; };
		D642BDB723A9FE4500396732 /* ViewController.swift */ = {isa = PBXFileReference; lastKnownFileType = sourcecode.swift; path = ViewController.swift; sourceTree = "<group>"; };
		D642BDBA23A9FE4500396732 /* Base */ = {isa = PBXFileReference; lastKnownFileType = file.storyboard; name = Base; path = Base.lproj/Main.storyboard; sourceTree = "<group>"; };
		D642BDBC23A9FE4700396732 /* Assets.xcassets */ = {isa = PBXFileReference; lastKnownFileType = folder.assetcatalog; path = Assets.xcassets; sourceTree = "<group>"; };
		D642BDBF23A9FE4700396732 /* Base */ = {isa = PBXFileReference; lastKnownFileType = file.storyboard; name = Base; path = Base.lproj/LaunchScreen.storyboard; sourceTree = "<group>"; };
		D642BDC123A9FE4700396732 /* Info.plist */ = {isa = PBXFileReference; lastKnownFileType = text.plist.xml; path = Info.plist; sourceTree = "<group>"; };
		D642BDC623A9FE4700396732 /* ReversiTests.xctest */ = {isa = PBXFileReference; explicitFileType = wrapper.cfbundle; includeInIndex = 0; path = ReversiTests.xctest; sourceTree = BUILT_PRODUCTS_DIR; };
		D642BDCA23A9FE4700396732 /* GameStateFileStoreTests.swift */ = {isa = PBXFileReference; lastKnownFileType = sourcecode.swift; path = GameStateFileStoreTests.swift; sourceTree = "<group>"; };
		D642BDCC23A9FE4700396732 /* Info.plist */ = {isa = PBXFileReference; lastKnownFileType = text.plist.xml; path = Info.plist; sourceTree = "<group>"; };
		D642BDD523AA0B3900396732 /* CellView.swift */ = {isa = PBXFileReference; lastKnownFileType = sourcecode.swift; path = CellView.swift; sourceTree = "<group>"; };
		D642BDD723AA0B5700396732 /* Disk.swift */ = {isa = PBXFileReference; lastKnownFileType = sourcecode.swift; path = Disk.swift; sourceTree = "<group>"; };
		D642BDDB23AA137C00396732 /* BoardView.swift */ = {isa = PBXFileReference; lastKnownFileType = sourcecode.swift; path = BoardView.swift; sourceTree = "<group>"; };
		D6CAD3D52465237500F5A153 /* GameBoard.swift */ = {isa = PBXFileReference; lastKnownFileType = sourcecode.swift; path = GameBoard.swift; sourceTree = "<group>"; };
/* End PBXFileReference section */

/* Begin PBXFrameworksBuildPhase section */
		D642BDAD23A9FE4500396732 /* Frameworks */ = {
			isa = PBXFrameworksBuildPhase;
			buildActionMask = 2147483647;
			files = (
			);
			runOnlyForDeploymentPostprocessing = 0;
		};
		D642BDC323A9FE4700396732 /* Frameworks */ = {
			isa = PBXFrameworksBuildPhase;
			buildActionMask = 2147483647;
			files = (
			);
			runOnlyForDeploymentPostprocessing = 0;
		};
/* End PBXFrameworksBuildPhase section */

/* Begin PBXGroup section */
		8F114E27246D088100E00E72 /* Models */ = {
			isa = PBXGroup;
			children = (
				8F8D627D2464E7FF007E7E0B /* DataStore */,
				D636B3A423D432D3007F370F /* DataTypes */,
				8FBB0D7E246BB2BF001A548F /* GameState */,
				8F114E29246D0C2C00E00E72 /* Player */,
			);
			path = Models;
			sourceTree = "<group>";
		};
		8F114E28246D089B00E00E72 /* Models */ = {
			isa = PBXGroup;
			children = (
				8F331C9B246E57B300308F50 /* ModelsHelper.swift */,
				8F8D62882464FE83007E7E0B /* DataStore */,
				8F8D62892464FF34007E7E0B /* GameState */,
				8F331C98246E56EC00308F50 /* Player */,
			);
			path = Models;
			sourceTree = "<group>";
		};
		8F114E29246D0C2C00E00E72 /* Player */ = {
			isa = PBXGroup;
			children = (
				8F114E2A246D0C7000E00E72 /* PlayerType.swift */,
				8F1B2E882472284E00470280 /* Player.swift */,
				8F1B2E8A2472294000470280 /* Human.swift */,
				8F889110246D1B3000F27D54 /* Computer.swift */,
				8F1B2E84247222B300470280 /* ComputerOperation.swift */,
				8F114E30246D0E1A00E00E72 /* RandomCoordinateOperation.swift */,
				8F839F522472337000F821E7 /* Players.swift */,
			);
			path = Player;
			sourceTree = "<group>";
		};
		8F331C98246E56EC00308F50 /* Player */ = {
			isa = PBXGroup;
			children = (
				8F331C99246E570600308F50 /* PlayerTypeTests.swift */,
				8F331C9D246E596E00308F50 /* RandomCoordinateOperationTests.swift */,
				8F331C9F246E603B00308F50 /* ComputerTests.swift */,
				8F839F5424725F0200F821E7 /* PlayersTests.swift */,
			);
			path = Player;
			sourceTree = "<group>";
		};
		8F8D627D2464E7FF007E7E0B /* DataStore */ = {
			isa = PBXGroup;
			children = (
				8F8D627E2464E84A007E7E0B /* GameStateRepository.swift */,
				8F8D62802464E913007E7E0B /* GameStateFileStore.swift */,
			);
			path = DataStore;
			sourceTree = "<group>";
		};
		8F8D62882464FE83007E7E0B /* DataStore */ = {
			isa = PBXGroup;
			children = (
				D642BDCA23A9FE4700396732 /* GameStateFileStoreTests.swift */,
			);
			path = DataStore;
			sourceTree = "<group>";
		};
		8F8D62892464FF34007E7E0B /* GameState */ = {
			isa = PBXGroup;
			children = (
				8F8D628A2464FF56007E7E0B /* BoardCellTests.swift */,
				8F09196B2468DCD3006723B7 /* GameBoardTests.swift */,
				8F09196F24691901006723B7 /* GameStateTests.swift */,
			);
			path = GameState;
			sourceTree = "<group>";
		};
		8FBB0D7E246BB2BF001A548F /* GameState */ = {
			isa = PBXGroup;
			children = (
				8F8D62822464F470007E7E0B /* BoardCell.swift */,
				8FBB0D7F246BBBE8001A548F /* DiskExtensions.swift */,
				D6CAD3D52465237500F5A153 /* GameBoard.swift */,
				8F8D62842464F620007E7E0B /* GameState.swift */,
				8F8D62862464F68F007E7E0B /* Coordinate.swift */,
			);
			path = GameState;
			sourceTree = "<group>";
		};
		D636B3A123D43203007F370F /* Views */ = {
			isa = PBXGroup;
			children = (
				D642BDDB23AA137C00396732 /* BoardView.swift */,
				D642BDD523AA0B3900396732 /* CellView.swift */,
				D636B39E23D35043007F370F /* DiskView.swift */,
			);
			name = Views;
			sourceTree = "<group>";
		};
		D636B3A423D432D3007F370F /* DataTypes */ = {
			isa = PBXGroup;
			children = (
				D642BDD723AA0B5700396732 /* Disk.swift */,
			);
			name = DataTypes;
			path = ..;
			sourceTree = "<group>";
		};
		D642BDA723A9FE4500396732 = {
			isa = PBXGroup;
			children = (
				D642BDB223A9FE4500396732 /* Reversi */,
				D642BDC923A9FE4700396732 /* ReversiTests */,
				D642BDB123A9FE4500396732 /* Products */,
			);
			sourceTree = "<group>";
		};
		D642BDB123A9FE4500396732 /* Products */ = {
			isa = PBXGroup;
			children = (
				D642BDB023A9FE4500396732 /* Reversi.app */,
				D642BDC623A9FE4700396732 /* ReversiTests.xctest */,
			);
			name = Products;
			sourceTree = "<group>";
		};
		D642BDB223A9FE4500396732 /* Reversi */ = {
			isa = PBXGroup;
			children = (
				D642BDB323A9FE4500396732 /* AppDelegate.swift */,
				D642BDB523A9FE4500396732 /* SceneDelegate.swift */,
				D642BDB723A9FE4500396732 /* ViewController.swift */,
				D642BDB923A9FE4500396732 /* Main.storyboard */,
				D642BDBC23A9FE4700396732 /* Assets.xcassets */,
				D642BDBE23A9FE4700396732 /* LaunchScreen.storyboard */,
				D642BDC123A9FE4700396732 /* Info.plist */,
				8F114E27246D088100E00E72 /* Models */,
				D636B3A123D43203007F370F /* Views */,
			);
			path = Reversi;
			sourceTree = "<group>";
		};
		D642BDC923A9FE4700396732 /* ReversiTests */ = {
			isa = PBXGroup;
			children = (
				8F114E28246D089B00E00E72 /* Models */,
				D642BDCC23A9FE4700396732 /* Info.plist */,
			);
			path = ReversiTests;
			sourceTree = "<group>";
		};
/* End PBXGroup section */

/* Begin PBXNativeTarget section */
		D642BDAF23A9FE4500396732 /* Reversi */ = {
			isa = PBXNativeTarget;
			buildConfigurationList = D642BDCF23A9FE4800396732 /* Build configuration list for PBXNativeTarget "Reversi" */;
			buildPhases = (
				D642BDAC23A9FE4500396732 /* Sources */,
				D642BDAD23A9FE4500396732 /* Frameworks */,
				D642BDAE23A9FE4500396732 /* Resources */,
				8F5FB59F245A73690010F542 /* SwiftLint */,
			);
			buildRules = (
			);
			dependencies = (
			);
			name = Reversi;
			productName = Reversi;
			productReference = D642BDB023A9FE4500396732 /* Reversi.app */;
			productType = "com.apple.product-type.application";
		};
		D642BDC523A9FE4700396732 /* ReversiTests */ = {
			isa = PBXNativeTarget;
			buildConfigurationList = D642BDD223A9FE4800396732 /* Build configuration list for PBXNativeTarget "ReversiTests" */;
			buildPhases = (
				D642BDC223A9FE4700396732 /* Sources */,
				D642BDC323A9FE4700396732 /* Frameworks */,
				D642BDC423A9FE4700396732 /* Resources */,
			);
			buildRules = (
			);
			dependencies = (
				D642BDC823A9FE4700396732 /* PBXTargetDependency */,
			);
			name = ReversiTests;
			productName = ReversiTests;
			productReference = D642BDC623A9FE4700396732 /* ReversiTests.xctest */;
			productType = "com.apple.product-type.bundle.unit-test";
		};
/* End PBXNativeTarget section */

/* Begin PBXProject section */
		D642BDA823A9FE4500396732 /* Project object */ = {
			isa = PBXProject;
			attributes = {
				LastSwiftUpdateCheck = 1130;
				LastUpgradeCheck = 1130;
				ORGANIZATIONNAME = yoshimasa36g;
				TargetAttributes = {
					D642BDAF23A9FE4500396732 = {
						CreatedOnToolsVersion = 11.3;
					};
					D642BDC523A9FE4700396732 = {
						CreatedOnToolsVersion = 11.3;
						TestTargetID = D642BDAF23A9FE4500396732;
					};
				};
			};
			buildConfigurationList = D642BDAB23A9FE4500396732 /* Build configuration list for PBXProject "Reversi" */;
			compatibilityVersion = "Xcode 9.3";
			developmentRegion = en;
			hasScannedForEncodings = 0;
			knownRegions = (
				en,
				Base,
			);
			mainGroup = D642BDA723A9FE4500396732;
			productRefGroup = D642BDB123A9FE4500396732 /* Products */;
			projectDirPath = "";
			projectRoot = "";
			targets = (
				D642BDAF23A9FE4500396732 /* Reversi */,
				D642BDC523A9FE4700396732 /* ReversiTests */,
			);
		};
/* End PBXProject section */

/* Begin PBXResourcesBuildPhase section */
		D642BDAE23A9FE4500396732 /* Resources */ = {
			isa = PBXResourcesBuildPhase;
			buildActionMask = 2147483647;
			files = (
				D642BDC023A9FE4700396732 /* LaunchScreen.storyboard in Resources */,
				D642BDBD23A9FE4700396732 /* Assets.xcassets in Resources */,
				D642BDBB23A9FE4500396732 /* Main.storyboard in Resources */,
			);
			runOnlyForDeploymentPostprocessing = 0;
		};
		D642BDC423A9FE4700396732 /* Resources */ = {
			isa = PBXResourcesBuildPhase;
			buildActionMask = 2147483647;
			files = (
			);
			runOnlyForDeploymentPostprocessing = 0;
		};
/* End PBXResourcesBuildPhase section */

/* Begin PBXShellScriptBuildPhase section */
		8F5FB59F245A73690010F542 /* SwiftLint */ = {
			isa = PBXShellScriptBuildPhase;
			buildActionMask = 2147483647;
			files = (
			);
			inputFileListPaths = (
			);
			inputPaths = (
			);
			name = SwiftLint;
			outputFileListPaths = (
			);
			outputPaths = (
			);
			runOnlyForDeploymentPostprocessing = 0;
			shellPath = /bin/sh;
			shellScript = "if which swiftlint >/dev/null; then\n  swiftlint autocorrect\n  swiftlint\nelse\n  echo \"warning: SwiftLint not installed, download from https://github.com/realm/SwiftLint\"\nfi\n";
		};
/* End PBXShellScriptBuildPhase section */

/* Begin PBXSourcesBuildPhase section */
		D642BDAC23A9FE4500396732 /* Sources */ = {
			isa = PBXSourcesBuildPhase;
			buildActionMask = 2147483647;
			files = (
				8F8D62832464F470007E7E0B /* BoardCell.swift in Sources */,
				D636B39F23D35043007F370F /* DiskView.swift in Sources */,
				8FBB0D80246BBBE8001A548F /* DiskExtensions.swift in Sources */,
				8F839F532472337000F821E7 /* Players.swift in Sources */,
				D642BDD623AA0B3900396732 /* CellView.swift in Sources */,
				8F1B2E85247222B300470280 /* ComputerOperation.swift in Sources */,
				D6CAD3D62465237500F5A153 /* GameBoard.swift in Sources */,
				D642BDD823AA0B5700396732 /* Disk.swift in Sources */,
				8F1B2E8B2472294000470280 /* Human.swift in Sources */,
				D642BDB823A9FE4500396732 /* ViewController.swift in Sources */,
				8F889111246D1B3000F27D54 /* Computer.swift in Sources */,
				8F8D62812464E913007E7E0B /* GameStateFileStore.swift in Sources */,
				D642BDDC23AA137C00396732 /* BoardView.swift in Sources */,
				8F114E31246D0E1A00E00E72 /* RandomCoordinateOperation.swift in Sources */,
				D642BDB423A9FE4500396732 /* AppDelegate.swift in Sources */,
				8F8D62872464F68F007E7E0B /* Coordinate.swift in Sources */,
				D642BDB623A9FE4500396732 /* SceneDelegate.swift in Sources */,
				8F8D627F2464E84A007E7E0B /* GameStateRepository.swift in Sources */,
				8F1B2E892472284E00470280 /* Player.swift in Sources */,
				8F114E2B246D0C7000E00E72 /* PlayerType.swift in Sources */,
				8F8D62852464F620007E7E0B /* GameState.swift in Sources */,
			);
			runOnlyForDeploymentPostprocessing = 0;
		};
		D642BDC223A9FE4700396732 /* Sources */ = {
			isa = PBXSourcesBuildPhase;
			buildActionMask = 2147483647;
			files = (
				8F8D628B2464FF56007E7E0B /* BoardCellTests.swift in Sources */,
				8F09197024691901006723B7 /* GameStateTests.swift in Sources */,
				8F331C9E246E596E00308F50 /* RandomCoordinateOperationTests.swift in Sources */,
				8F331CA0246E603B00308F50 /* ComputerTests.swift in Sources */,
				D642BDCB23A9FE4700396732 /* GameStateFileStoreTests.swift in Sources */,
				8F331C9A246E570600308F50 /* PlayerTypeTests.swift in Sources */,
				8F331C9C246E57B300308F50 /* ModelsHelper.swift in Sources */,
				8F839F5524725F0200F821E7 /* PlayersTests.swift in Sources */,
				8F09196C2468DCD3006723B7 /* GameBoardTests.swift in Sources */,
			);
			runOnlyForDeploymentPostprocessing = 0;
		};
/* End PBXSourcesBuildPhase section */

/* Begin PBXTargetDependency section */
		D642BDC823A9FE4700396732 /* PBXTargetDependency */ = {
			isa = PBXTargetDependency;
			target = D642BDAF23A9FE4500396732 /* Reversi */;
			targetProxy = D642BDC723A9FE4700396732 /* PBXContainerItemProxy */;
		};
/* End PBXTargetDependency section */

/* Begin PBXVariantGroup section */
		D642BDB923A9FE4500396732 /* Main.storyboard */ = {
			isa = PBXVariantGroup;
			children = (
				D642BDBA23A9FE4500396732 /* Base */,
			);
			name = Main.storyboard;
			sourceTree = "<group>";
		};
		D642BDBE23A9FE4700396732 /* LaunchScreen.storyboard */ = {
			isa = PBXVariantGroup;
			children = (
				D642BDBF23A9FE4700396732 /* Base */,
			);
			name = LaunchScreen.storyboard;
			sourceTree = "<group>";
		};
/* End PBXVariantGroup section */

/* Begin XCBuildConfiguration section */
		D642BDCD23A9FE4800396732 /* Debug */ = {
			isa = XCBuildConfiguration;
			buildSettings = {
				ALWAYS_SEARCH_USER_PATHS = NO;
				CLANG_ANALYZER_NONNULL = YES;
				CLANG_ANALYZER_NUMBER_OBJECT_CONVERSION = YES_AGGRESSIVE;
				CLANG_CXX_LANGUAGE_STANDARD = "gnu++14";
				CLANG_CXX_LIBRARY = "libc++";
				CLANG_ENABLE_MODULES = YES;
				CLANG_ENABLE_OBJC_ARC = YES;
				CLANG_ENABLE_OBJC_WEAK = YES;
				CLANG_WARN_BLOCK_CAPTURE_AUTORELEASING = YES;
				CLANG_WARN_BOOL_CONVERSION = YES;
				CLANG_WARN_COMMA = YES;
				CLANG_WARN_CONSTANT_CONVERSION = YES;
				CLANG_WARN_DEPRECATED_OBJC_IMPLEMENTATIONS = YES;
				CLANG_WARN_DIRECT_OBJC_ISA_USAGE = YES_ERROR;
				CLANG_WARN_DOCUMENTATION_COMMENTS = YES;
				CLANG_WARN_EMPTY_BODY = YES;
				CLANG_WARN_ENUM_CONVERSION = YES;
				CLANG_WARN_INFINITE_RECURSION = YES;
				CLANG_WARN_INT_CONVERSION = YES;
				CLANG_WARN_NON_LITERAL_NULL_CONVERSION = YES;
				CLANG_WARN_OBJC_IMPLICIT_RETAIN_SELF = YES;
				CLANG_WARN_OBJC_LITERAL_CONVERSION = YES;
				CLANG_WARN_OBJC_ROOT_CLASS = YES_ERROR;
				CLANG_WARN_RANGE_LOOP_ANALYSIS = YES;
				CLANG_WARN_STRICT_PROTOTYPES = YES;
				CLANG_WARN_SUSPICIOUS_MOVE = YES;
				CLANG_WARN_UNGUARDED_AVAILABILITY = YES_AGGRESSIVE;
				CLANG_WARN_UNREACHABLE_CODE = YES;
				CLANG_WARN__DUPLICATE_METHOD_MATCH = YES;
				COPY_PHASE_STRIP = NO;
				DEBUG_INFORMATION_FORMAT = dwarf;
				ENABLE_STRICT_OBJC_MSGSEND = YES;
				ENABLE_TESTABILITY = YES;
				GCC_C_LANGUAGE_STANDARD = gnu11;
				GCC_DYNAMIC_NO_PIC = NO;
				GCC_NO_COMMON_BLOCKS = YES;
				GCC_OPTIMIZATION_LEVEL = 0;
				GCC_PREPROCESSOR_DEFINITIONS = (
					"DEBUG=1",
					"$(inherited)",
				);
				GCC_WARN_64_TO_32_BIT_CONVERSION = YES;
				GCC_WARN_ABOUT_RETURN_TYPE = YES_ERROR;
				GCC_WARN_UNDECLARED_SELECTOR = YES;
				GCC_WARN_UNINITIALIZED_AUTOS = YES_AGGRESSIVE;
				GCC_WARN_UNUSED_FUNCTION = YES;
				GCC_WARN_UNUSED_VARIABLE = YES;
				MTL_ENABLE_DEBUG_INFO = INCLUDE_SOURCE;
				MTL_FAST_MATH = YES;
				ONLY_ACTIVE_ARCH = YES;
				SDKROOT = iphoneos;
				SWIFT_ACTIVE_COMPILATION_CONDITIONS = DEBUG;
				SWIFT_OPTIMIZATION_LEVEL = "-Onone";
			};
			name = Debug;
		};
		D642BDCE23A9FE4800396732 /* Release */ = {
			isa = XCBuildConfiguration;
			buildSettings = {
				ALWAYS_SEARCH_USER_PATHS = NO;
				CLANG_ANALYZER_NONNULL = YES;
				CLANG_ANALYZER_NUMBER_OBJECT_CONVERSION = YES_AGGRESSIVE;
				CLANG_CXX_LANGUAGE_STANDARD = "gnu++14";
				CLANG_CXX_LIBRARY = "libc++";
				CLANG_ENABLE_MODULES = YES;
				CLANG_ENABLE_OBJC_ARC = YES;
				CLANG_ENABLE_OBJC_WEAK = YES;
				CLANG_WARN_BLOCK_CAPTURE_AUTORELEASING = YES;
				CLANG_WARN_BOOL_CONVERSION = YES;
				CLANG_WARN_COMMA = YES;
				CLANG_WARN_CONSTANT_CONVERSION = YES;
				CLANG_WARN_DEPRECATED_OBJC_IMPLEMENTATIONS = YES;
				CLANG_WARN_DIRECT_OBJC_ISA_USAGE = YES_ERROR;
				CLANG_WARN_DOCUMENTATION_COMMENTS = YES;
				CLANG_WARN_EMPTY_BODY = YES;
				CLANG_WARN_ENUM_CONVERSION = YES;
				CLANG_WARN_INFINITE_RECURSION = YES;
				CLANG_WARN_INT_CONVERSION = YES;
				CLANG_WARN_NON_LITERAL_NULL_CONVERSION = YES;
				CLANG_WARN_OBJC_IMPLICIT_RETAIN_SELF = YES;
				CLANG_WARN_OBJC_LITERAL_CONVERSION = YES;
				CLANG_WARN_OBJC_ROOT_CLASS = YES_ERROR;
				CLANG_WARN_RANGE_LOOP_ANALYSIS = YES;
				CLANG_WARN_STRICT_PROTOTYPES = YES;
				CLANG_WARN_SUSPICIOUS_MOVE = YES;
				CLANG_WARN_UNGUARDED_AVAILABILITY = YES_AGGRESSIVE;
				CLANG_WARN_UNREACHABLE_CODE = YES;
				CLANG_WARN__DUPLICATE_METHOD_MATCH = YES;
				COPY_PHASE_STRIP = NO;
				DEBUG_INFORMATION_FORMAT = "dwarf-with-dsym";
				ENABLE_NS_ASSERTIONS = NO;
				ENABLE_STRICT_OBJC_MSGSEND = YES;
				GCC_C_LANGUAGE_STANDARD = gnu11;
				GCC_NO_COMMON_BLOCKS = YES;
				GCC_WARN_64_TO_32_BIT_CONVERSION = YES;
				GCC_WARN_ABOUT_RETURN_TYPE = YES_ERROR;
				GCC_WARN_UNDECLARED_SELECTOR = YES;
				GCC_WARN_UNINITIALIZED_AUTOS = YES_AGGRESSIVE;
				GCC_WARN_UNUSED_FUNCTION = YES;
				GCC_WARN_UNUSED_VARIABLE = YES;
				MTL_ENABLE_DEBUG_INFO = NO;
				MTL_FAST_MATH = YES;
				SDKROOT = iphoneos;
				SWIFT_COMPILATION_MODE = wholemodule;
				SWIFT_OPTIMIZATION_LEVEL = "-O";
				VALIDATE_PRODUCT = YES;
			};
			name = Release;
		};
		D642BDD023A9FE4800396732 /* Debug */ = {
			isa = XCBuildConfiguration;
			buildSettings = {
				ASSETCATALOG_COMPILER_APPICON_NAME = AppIcon;
				CODE_SIGN_STYLE = Automatic;
				INFOPLIST_FILE = Reversi/Info.plist;
				LD_RUNPATH_SEARCH_PATHS = (
					"$(inherited)",
					"@executable_path/Frameworks",
				);
				PRODUCT_BUNDLE_IDENTIFIER = com.yoshimasa36g.Reversi;
				PRODUCT_NAME = "$(TARGET_NAME)";
				SWIFT_VERSION = 5.0;
				TARGETED_DEVICE_FAMILY = "1,2";
			};
			name = Debug;
		};
		D642BDD123A9FE4800396732 /* Release */ = {
			isa = XCBuildConfiguration;
			buildSettings = {
				ASSETCATALOG_COMPILER_APPICON_NAME = AppIcon;
				CODE_SIGN_STYLE = Automatic;
				INFOPLIST_FILE = Reversi/Info.plist;
				LD_RUNPATH_SEARCH_PATHS = (
					"$(inherited)",
					"@executable_path/Frameworks",
				);
				PRODUCT_BUNDLE_IDENTIFIER = com.yoshimasa36g.Reversi;
				PRODUCT_NAME = "$(TARGET_NAME)";
				SWIFT_VERSION = 5.0;
				TARGETED_DEVICE_FAMILY = "1,2";
			};
			name = Release;
		};
		D642BDD323A9FE4800396732 /* Debug */ = {
			isa = XCBuildConfiguration;
			buildSettings = {
				ALWAYS_EMBED_SWIFT_STANDARD_LIBRARIES = YES;
				BUNDLE_LOADER = "$(TEST_HOST)";
				CODE_SIGN_STYLE = Automatic;
				INFOPLIST_FILE = ReversiTests/Info.plist;
				LD_RUNPATH_SEARCH_PATHS = (
					"$(inherited)",
					"@executable_path/Frameworks",
					"@loader_path/Frameworks",
				);
				PRODUCT_BUNDLE_IDENTIFIER = org.koherent.ReversiTests;
				PRODUCT_NAME = "$(TARGET_NAME)";
				SWIFT_VERSION = 5.0;
				TARGETED_DEVICE_FAMILY = "1,2";
				TEST_HOST = "$(BUILT_PRODUCTS_DIR)/Reversi.app/Reversi";
			};
			name = Debug;
		};
		D642BDD423A9FE4800396732 /* Release */ = {
			isa = XCBuildConfiguration;
			buildSettings = {
				ALWAYS_EMBED_SWIFT_STANDARD_LIBRARIES = YES;
				BUNDLE_LOADER = "$(TEST_HOST)";
				CODE_SIGN_STYLE = Automatic;
				INFOPLIST_FILE = ReversiTests/Info.plist;
				LD_RUNPATH_SEARCH_PATHS = (
					"$(inherited)",
					"@executable_path/Frameworks",
					"@loader_path/Frameworks",
				);
				PRODUCT_BUNDLE_IDENTIFIER = org.koherent.ReversiTests;
				PRODUCT_NAME = "$(TARGET_NAME)";
				SWIFT_VERSION = 5.0;
				TARGETED_DEVICE_FAMILY = "1,2";
				TEST_HOST = "$(BUILT_PRODUCTS_DIR)/Reversi.app/Reversi";
			};
			name = Release;
		};
/* End XCBuildConfiguration section */

/* Begin XCConfigurationList section */
		D642BDAB23A9FE4500396732 /* Build configuration list for PBXProject "Reversi" */ = {
			isa = XCConfigurationList;
			buildConfigurations = (
				D642BDCD23A9FE4800396732 /* Debug */,
				D642BDCE23A9FE4800396732 /* Release */,
			);
			defaultConfigurationIsVisible = 0;
			defaultConfigurationName = Release;
		};
		D642BDCF23A9FE4800396732 /* Build configuration list for PBXNativeTarget "Reversi" */ = {
			isa = XCConfigurationList;
			buildConfigurations = (
				D642BDD023A9FE4800396732 /* Debug */,
				D642BDD123A9FE4800396732 /* Release */,
			);
			defaultConfigurationIsVisible = 0;
			defaultConfigurationName = Release;
		};
		D642BDD223A9FE4800396732 /* Build configuration list for PBXNativeTarget "ReversiTests" */ = {
			isa = XCConfigurationList;
			buildConfigurations = (
				D642BDD323A9FE4800396732 /* Debug */,
				D642BDD423A9FE4800396732 /* Release */,
			);
			defaultConfigurationIsVisible = 0;
			defaultConfigurationName = Release;
		};
/* End XCConfigurationList section */
	};
	rootObject = D642BDA823A9FE4500396732 /* Project object */;
}
