// !$*UTF8*$!
{
	archiveVersion = 1;
	classes = {
	};
	objectVersion = 50;
	objects = {

/* Begin PBXBuildFile section */
		8F77443F247B425C00019419 /* RepositoryGatewayTests.swift in Sources */ = {isa = PBXBuildFile; fileRef = 8F77443E247B425C00019419 /* RepositoryGatewayTests.swift */; };
		8F774442247B661B00019419 /* GameUseCaseTests.swift in Sources */ = {isa = PBXBuildFile; fileRef = 8F774441247B661B00019419 /* GameUseCaseTests.swift */; };
		8F774445247B944D00019419 /* GameScreenPresenterTests.swift in Sources */ = {isa = PBXBuildFile; fileRef = 8F774444247B944D00019419 /* GameScreenPresenterTests.swift */; };
		8F774448247B9AED00019419 /* GameScreenControllerTests.swift in Sources */ = {isa = PBXBuildFile; fileRef = 8F774447247B9AED00019419 /* GameScreenControllerTests.swift */; };
		8F77444B247B9E2900019419 /* GameDependencyFactory.swift in Sources */ = {isa = PBXBuildFile; fileRef = 8F77444A247B9E2900019419 /* GameDependencyFactory.swift */; };
		8F7E6CA02477607E006109D6 /* PlayerType.swift in Sources */ = {isa = PBXBuildFile; fileRef = 8F7E6C9F2477607E006109D6 /* PlayerType.swift */; };
		8F7E6CA3247760CF006109D6 /* Player.swift in Sources */ = {isa = PBXBuildFile; fileRef = 8F7E6CA2247760CF006109D6 /* Player.swift */; };
		8F7E6CA624776126006109D6 /* OperationResult.swift in Sources */ = {isa = PBXBuildFile; fileRef = 8F7E6CA524776126006109D6 /* OperationResult.swift */; };
		8F7E6CA924776175006109D6 /* Human.swift in Sources */ = {isa = PBXBuildFile; fileRef = 8F7E6CA824776175006109D6 /* Human.swift */; };
		8F7E6CAB247761F5006109D6 /* GameState.swift in Sources */ = {isa = PBXBuildFile; fileRef = 8F7E6CAA247761F5006109D6 /* GameState.swift */; };
		8F7E6CAD2477625F006109D6 /* Computer.swift in Sources */ = {isa = PBXBuildFile; fileRef = 8F7E6CAC2477625F006109D6 /* Computer.swift */; };
		8F7E6CAF24776285006109D6 /* ComputerOperation.swift in Sources */ = {isa = PBXBuildFile; fileRef = 8F7E6CAE24776285006109D6 /* ComputerOperation.swift */; };
		8F7E6CB1247762A6006109D6 /* RandomCoordinateOperation.swift in Sources */ = {isa = PBXBuildFile; fileRef = 8F7E6CB0247762A6006109D6 /* RandomCoordinateOperation.swift */; };
		8F7E6CB324776311006109D6 /* Players.swift in Sources */ = {isa = PBXBuildFile; fileRef = 8F7E6CB224776311006109D6 /* Players.swift */; };
		8F7E6CB7247763CC006109D6 /* PlayerTypeTests.swift in Sources */ = {isa = PBXBuildFile; fileRef = 8F7E6CB6247763CC006109D6 /* PlayerTypeTests.swift */; };
		8F7E6CB92477643A006109D6 /* PlayersTests.swift in Sources */ = {isa = PBXBuildFile; fileRef = 8F7E6CB82477643A006109D6 /* PlayersTests.swift */; };
		8F7E6CBB247767C9006109D6 /* RandomCoordinateOperationTests.swift in Sources */ = {isa = PBXBuildFile; fileRef = 8F7E6CBA247767C9006109D6 /* RandomCoordinateOperationTests.swift */; };
		8F7E6CBD24776C28006109D6 /* ComputerTests.swift in Sources */ = {isa = PBXBuildFile; fileRef = 8F7E6CBC24776C28006109D6 /* ComputerTests.swift */; };
		8F7E6CBF247772C7006109D6 /* Game.swift in Sources */ = {isa = PBXBuildFile; fileRef = 8F7E6CBE247772C7006109D6 /* Game.swift */; };
		8F7E6CC124777678006109D6 /* GameTests.swift in Sources */ = {isa = PBXBuildFile; fileRef = 8F7E6CC024777678006109D6 /* GameTests.swift */; };
		8F7E6CD024779782006109D6 /* ReversiUseCase.framework in Frameworks */ = {isa = PBXBuildFile; fileRef = 8F7E6CC724779781006109D6 /* ReversiUseCase.framework */; };
		8F7E6CD924779782006109D6 /* ReversiUseCase.h in Headers */ = {isa = PBXBuildFile; fileRef = 8F7E6CC924779781006109D6 /* ReversiUseCase.h */; settings = {ATTRIBUTES = (Public, ); }; };
		8F7E6CDC24779782006109D6 /* ReversiUseCase.framework in Frameworks */ = {isa = PBXBuildFile; fileRef = 8F7E6CC724779781006109D6 /* ReversiUseCase.framework */; };
		8F7E6CDD24779782006109D6 /* ReversiUseCase.framework in Embed Frameworks */ = {isa = PBXBuildFile; fileRef = 8F7E6CC724779781006109D6 /* ReversiUseCase.framework */; settings = {ATTRIBUTES = (CodeSignOnCopy, RemoveHeadersOnCopy, ); }; };
		8F7E6CE5247797DB006109D6 /* ReversiEntity.framework in Frameworks */ = {isa = PBXBuildFile; fileRef = 8FA1B3832475FF13003BAAC0 /* ReversiEntity.framework */; };
		8F7E6CE6247797DB006109D6 /* ReversiEntity.framework in Embed Frameworks */ = {isa = PBXBuildFile; fileRef = 8FA1B3832475FF13003BAAC0 /* ReversiEntity.framework */; settings = {ATTRIBUTES = (CodeSignOnCopy, RemoveHeadersOnCopy, ); }; };
		8F7E6CF824779839006109D6 /* ReversiInterfaceAdapter.framework in Frameworks */ = {isa = PBXBuildFile; fileRef = 8F7E6CEF24779839006109D6 /* ReversiInterfaceAdapter.framework */; };
		8F7E6D0124779839006109D6 /* ReversiInterfaceAdapter.h in Headers */ = {isa = PBXBuildFile; fileRef = 8F7E6CF124779839006109D6 /* ReversiInterfaceAdapter.h */; settings = {ATTRIBUTES = (Public, ); }; };
		8F7E6D0424779839006109D6 /* ReversiInterfaceAdapter.framework in Frameworks */ = {isa = PBXBuildFile; fileRef = 8F7E6CEF24779839006109D6 /* ReversiInterfaceAdapter.framework */; };
		8F7E6D0524779839006109D6 /* ReversiInterfaceAdapter.framework in Embed Frameworks */ = {isa = PBXBuildFile; fileRef = 8F7E6CEF24779839006109D6 /* ReversiInterfaceAdapter.framework */; settings = {ATTRIBUTES = (CodeSignOnCopy, RemoveHeadersOnCopy, ); }; };
		8F7E6D0C24779847006109D6 /* ReversiUseCase.framework in Frameworks */ = {isa = PBXBuildFile; fileRef = 8F7E6CC724779781006109D6 /* ReversiUseCase.framework */; };
		8F7E6D0D24779847006109D6 /* ReversiUseCase.framework in Embed Frameworks */ = {isa = PBXBuildFile; fileRef = 8F7E6CC724779781006109D6 /* ReversiUseCase.framework */; settings = {ATTRIBUTES = (CodeSignOnCopy, RemoveHeadersOnCopy, ); }; };
		8F7E6D12247798F1006109D6 /* GameUseCase.swift in Sources */ = {isa = PBXBuildFile; fileRef = 8F7E6D11247798F1006109D6 /* GameUseCase.swift */; };
		8F7E6D1524779941006109D6 /* GameUseCaseInput.swift in Sources */ = {isa = PBXBuildFile; fileRef = 8F7E6D1424779941006109D6 /* GameUseCaseInput.swift */; };
		8F7E6D1724779951006109D6 /* GameUseCaseOutput.swift in Sources */ = {isa = PBXBuildFile; fileRef = 8F7E6D1624779951006109D6 /* GameUseCaseOutput.swift */; };
		8F7E6D1C24779B05006109D6 /* GameScreenPresenter.swift in Sources */ = {isa = PBXBuildFile; fileRef = 8F7E6D1B24779B05006109D6 /* GameScreenPresenter.swift */; };
		8F7E6D1E24779B4C006109D6 /* GameScreenPresentable.swift in Sources */ = {isa = PBXBuildFile; fileRef = 8F7E6D1D24779B4C006109D6 /* GameScreenPresentable.swift */; };
		8F7E6D2024779C54006109D6 /* GameScreenControllable.swift in Sources */ = {isa = PBXBuildFile; fileRef = 8F7E6D1F24779C54006109D6 /* GameScreenControllable.swift */; };
		8F7E6D2224779C7A006109D6 /* GameScreenController.swift in Sources */ = {isa = PBXBuildFile; fileRef = 8F7E6D2124779C7A006109D6 /* GameScreenController.swift */; };
		8F7E6D2424779DBC006109D6 /* GameUseCaseRequest.swift in Sources */ = {isa = PBXBuildFile; fileRef = 8F7E6D2324779DBC006109D6 /* GameUseCaseRequest.swift */; };
		8F7E6D2624779E53006109D6 /* GameUseCaseResponse.swift in Sources */ = {isa = PBXBuildFile; fileRef = 8F7E6D2524779E53006109D6 /* GameUseCaseResponse.swift */; };
		8F7E6D2824779FE1006109D6 /* RepositoryGateway.swift in Sources */ = {isa = PBXBuildFile; fileRef = 8F7E6D2724779FE1006109D6 /* RepositoryGateway.swift */; };
		8F7E6D2A2477A636006109D6 /* GameStateRepository.swift in Sources */ = {isa = PBXBuildFile; fileRef = 8F7E6D292477A636006109D6 /* GameStateRepository.swift */; };
		8F8D62812464E913007E7E0B /* GameStateFileStore.swift in Sources */ = {isa = PBXBuildFile; fileRef = 8F8D62802464E913007E7E0B /* GameStateFileStore.swift */; };
		8FA1B38C2475FF13003BAAC0 /* ReversiEntity.framework in Frameworks */ = {isa = PBXBuildFile; fileRef = 8FA1B3832475FF13003BAAC0 /* ReversiEntity.framework */; };
		8FA1B3952475FF13003BAAC0 /* ReversiEntity.h in Headers */ = {isa = PBXBuildFile; fileRef = 8FA1B3852475FF13003BAAC0 /* ReversiEntity.h */; settings = {ATTRIBUTES = (Public, ); }; };
		8FA1B3982475FF13003BAAC0 /* ReversiEntity.framework in Frameworks */ = {isa = PBXBuildFile; fileRef = 8FA1B3832475FF13003BAAC0 /* ReversiEntity.framework */; };
		8FA1B3992475FF13003BAAC0 /* ReversiEntity.framework in Embed Frameworks */ = {isa = PBXBuildFile; fileRef = 8FA1B3832475FF13003BAAC0 /* ReversiEntity.framework */; settings = {ATTRIBUTES = (CodeSignOnCopy, RemoveHeadersOnCopy, ); }; };
		8FA1B3A324760344003BAAC0 /* DiscColor.swift in Sources */ = {isa = PBXBuildFile; fileRef = 8FA1B3A224760344003BAAC0 /* DiscColor.swift */; };
		8FA1B3A624760640003BAAC0 /* DiscColorTests.swift in Sources */ = {isa = PBXBuildFile; fileRef = 8FA1B3A524760640003BAAC0 /* DiscColorTests.swift */; };
		8FA1B3A8247607CF003BAAC0 /* Coordinate.swift in Sources */ = {isa = PBXBuildFile; fileRef = 8FA1B3A7247607CF003BAAC0 /* Coordinate.swift */; };
		8FA1B3AD24760BAF003BAAC0 /* BoardCell.swift in Sources */ = {isa = PBXBuildFile; fileRef = 8FA1B3AC24760BAF003BAAC0 /* BoardCell.swift */; };
		8FA1B3AF24760D9F003BAAC0 /* Disc.swift in Sources */ = {isa = PBXBuildFile; fileRef = 8FA1B3AE24760D9F003BAAC0 /* Disc.swift */; };
		8FA1B3B224760F6F003BAAC0 /* DiscTests.swift in Sources */ = {isa = PBXBuildFile; fileRef = 8FA1B3B124760F6F003BAAC0 /* DiscTests.swift */; };
		8FA1B3B424761137003BAAC0 /* GameBoard.swift in Sources */ = {isa = PBXBuildFile; fileRef = 8FA1B3B324761137003BAAC0 /* GameBoard.swift */; };
		8FA1B3B624761697003BAAC0 /* GameBoardTests.swift in Sources */ = {isa = PBXBuildFile; fileRef = 8FA1B3B524761697003BAAC0 /* GameBoardTests.swift */; };
		8FA1B3B824761759003BAAC0 /* GameBoardFactory.swift in Sources */ = {isa = PBXBuildFile; fileRef = 8FA1B3B724761759003BAAC0 /* GameBoardFactory.swift */; };
		8FA1B3BA2476226D003BAAC0 /* Direction.swift in Sources */ = {isa = PBXBuildFile; fileRef = 8FA1B3B92476226D003BAAC0 /* Direction.swift */; };
		8FA1B3BC24765A45003BAAC0 /* CoordinateTests.swift in Sources */ = {isa = PBXBuildFile; fileRef = 8FA1B3BB24765A45003BAAC0 /* CoordinateTests.swift */; };
		D636B39F23D35043007F370F /* DiskView.swift in Sources */ = {isa = PBXBuildFile; fileRef = D636B39E23D35043007F370F /* DiskView.swift */; };
		D642BDB423A9FE4500396732 /* AppDelegate.swift in Sources */ = {isa = PBXBuildFile; fileRef = D642BDB323A9FE4500396732 /* AppDelegate.swift */; };
		D642BDB623A9FE4500396732 /* SceneDelegate.swift in Sources */ = {isa = PBXBuildFile; fileRef = D642BDB523A9FE4500396732 /* SceneDelegate.swift */; };
		D642BDB823A9FE4500396732 /* ViewController.swift in Sources */ = {isa = PBXBuildFile; fileRef = D642BDB723A9FE4500396732 /* ViewController.swift */; };
		D642BDBB23A9FE4500396732 /* Main.storyboard in Resources */ = {isa = PBXBuildFile; fileRef = D642BDB923A9FE4500396732 /* Main.storyboard */; };
		D642BDBD23A9FE4700396732 /* Assets.xcassets in Resources */ = {isa = PBXBuildFile; fileRef = D642BDBC23A9FE4700396732 /* Assets.xcassets */; };
		D642BDC023A9FE4700396732 /* LaunchScreen.storyboard in Resources */ = {isa = PBXBuildFile; fileRef = D642BDBE23A9FE4700396732 /* LaunchScreen.storyboard */; };
		D642BDCB23A9FE4700396732 /* GameStateFileStoreTests.swift in Sources */ = {isa = PBXBuildFile; fileRef = D642BDCA23A9FE4700396732 /* GameStateFileStoreTests.swift */; };
		D642BDD623AA0B3900396732 /* CellView.swift in Sources */ = {isa = PBXBuildFile; fileRef = D642BDD523AA0B3900396732 /* CellView.swift */; };
		D642BDD823AA0B5700396732 /* Disk.swift in Sources */ = {isa = PBXBuildFile; fileRef = D642BDD723AA0B5700396732 /* Disk.swift */; };
		D642BDDC23AA137C00396732 /* BoardView.swift in Sources */ = {isa = PBXBuildFile; fileRef = D642BDDB23AA137C00396732 /* BoardView.swift */; };
/* End PBXBuildFile section */

/* Begin PBXContainerItemProxy section */
		8F7E6CD124779782006109D6 /* PBXContainerItemProxy */ = {
			isa = PBXContainerItemProxy;
			containerPortal = D642BDA823A9FE4500396732 /* Project object */;
			proxyType = 1;
			remoteGlobalIDString = 8F7E6CC624779781006109D6;
			remoteInfo = ReversiUseCase;
		};
		8F7E6CD324779782006109D6 /* PBXContainerItemProxy */ = {
			isa = PBXContainerItemProxy;
			containerPortal = D642BDA823A9FE4500396732 /* Project object */;
			proxyType = 1;
			remoteGlobalIDString = D642BDAF23A9FE4500396732;
			remoteInfo = Reversi;
		};
		8F7E6CDA24779782006109D6 /* PBXContainerItemProxy */ = {
			isa = PBXContainerItemProxy;
			containerPortal = D642BDA823A9FE4500396732 /* Project object */;
			proxyType = 1;
			remoteGlobalIDString = 8F7E6CC624779781006109D6;
			remoteInfo = ReversiUseCase;
		};
		8F7E6CE7247797DB006109D6 /* PBXContainerItemProxy */ = {
			isa = PBXContainerItemProxy;
			containerPortal = D642BDA823A9FE4500396732 /* Project object */;
			proxyType = 1;
			remoteGlobalIDString = 8FA1B3822475FF13003BAAC0;
			remoteInfo = ReversiEntity;
		};
		8F7E6CF924779839006109D6 /* PBXContainerItemProxy */ = {
			isa = PBXContainerItemProxy;
			containerPortal = D642BDA823A9FE4500396732 /* Project object */;
			proxyType = 1;
			remoteGlobalIDString = 8F7E6CEE24779839006109D6;
			remoteInfo = ReversiInterfaceAdapter;
		};
		8F7E6CFB24779839006109D6 /* PBXContainerItemProxy */ = {
			isa = PBXContainerItemProxy;
			containerPortal = D642BDA823A9FE4500396732 /* Project object */;
			proxyType = 1;
			remoteGlobalIDString = D642BDAF23A9FE4500396732;
			remoteInfo = Reversi;
		};
		8F7E6D0224779839006109D6 /* PBXContainerItemProxy */ = {
			isa = PBXContainerItemProxy;
			containerPortal = D642BDA823A9FE4500396732 /* Project object */;
			proxyType = 1;
			remoteGlobalIDString = 8F7E6CEE24779839006109D6;
			remoteInfo = ReversiInterfaceAdapter;
		};
		8F7E6D0E24779847006109D6 /* PBXContainerItemProxy */ = {
			isa = PBXContainerItemProxy;
			containerPortal = D642BDA823A9FE4500396732 /* Project object */;
			proxyType = 1;
			remoteGlobalIDString = 8F7E6CC624779781006109D6;
			remoteInfo = ReversiUseCase;
		};
		8FA1B38D2475FF13003BAAC0 /* PBXContainerItemProxy */ = {
			isa = PBXContainerItemProxy;
			containerPortal = D642BDA823A9FE4500396732 /* Project object */;
			proxyType = 1;
			remoteGlobalIDString = 8FA1B3822475FF13003BAAC0;
			remoteInfo = ReversiEntity;
		};
		8FA1B38F2475FF13003BAAC0 /* PBXContainerItemProxy */ = {
			isa = PBXContainerItemProxy;
			containerPortal = D642BDA823A9FE4500396732 /* Project object */;
			proxyType = 1;
			remoteGlobalIDString = D642BDAF23A9FE4500396732;
			remoteInfo = Reversi;
		};
		8FA1B3962475FF13003BAAC0 /* PBXContainerItemProxy */ = {
			isa = PBXContainerItemProxy;
			containerPortal = D642BDA823A9FE4500396732 /* Project object */;
			proxyType = 1;
			remoteGlobalIDString = 8FA1B3822475FF13003BAAC0;
			remoteInfo = ReversiEntity;
		};
		D642BDC723A9FE4700396732 /* PBXContainerItemProxy */ = {
			isa = PBXContainerItemProxy;
			containerPortal = D642BDA823A9FE4500396732 /* Project object */;
			proxyType = 1;
			remoteGlobalIDString = D642BDAF23A9FE4500396732;
			remoteInfo = Reversi;
		};
/* End PBXContainerItemProxy section */

/* Begin PBXCopyFilesBuildPhase section */
		8F7E6CE9247797DB006109D6 /* Embed Frameworks */ = {
			isa = PBXCopyFilesBuildPhase;
			buildActionMask = 2147483647;
			dstPath = "";
			dstSubfolderSpec = 10;
			files = (
				8F7E6CE6247797DB006109D6 /* ReversiEntity.framework in Embed Frameworks */,
			);
			name = "Embed Frameworks";
			runOnlyForDeploymentPostprocessing = 0;
		};
		8F7E6D1024779847006109D6 /* Embed Frameworks */ = {
			isa = PBXCopyFilesBuildPhase;
			buildActionMask = 2147483647;
			dstPath = "";
			dstSubfolderSpec = 10;
			files = (
				8F7E6D0D24779847006109D6 /* ReversiUseCase.framework in Embed Frameworks */,
			);
			name = "Embed Frameworks";
			runOnlyForDeploymentPostprocessing = 0;
		};
		8FA1B39D2475FF13003BAAC0 /* Embed Frameworks */ = {
			isa = PBXCopyFilesBuildPhase;
			buildActionMask = 2147483647;
			dstPath = "";
			dstSubfolderSpec = 10;
			files = (
				8FA1B3992475FF13003BAAC0 /* ReversiEntity.framework in Embed Frameworks */,
				8F7E6CDD24779782006109D6 /* ReversiUseCase.framework in Embed Frameworks */,
				8F7E6D0524779839006109D6 /* ReversiInterfaceAdapter.framework in Embed Frameworks */,
			);
			name = "Embed Frameworks";
			runOnlyForDeploymentPostprocessing = 0;
		};
/* End PBXCopyFilesBuildPhase section */

/* Begin PBXFileReference section */
		8F77443E247B425C00019419 /* RepositoryGatewayTests.swift */ = {isa = PBXFileReference; lastKnownFileType = sourcecode.swift; path = RepositoryGatewayTests.swift; sourceTree = "<group>"; };
		8F774441247B661B00019419 /* GameUseCaseTests.swift */ = {isa = PBXFileReference; lastKnownFileType = sourcecode.swift; path = GameUseCaseTests.swift; sourceTree = "<group>"; };
		8F774444247B944D00019419 /* GameScreenPresenterTests.swift */ = {isa = PBXFileReference; lastKnownFileType = sourcecode.swift; path = GameScreenPresenterTests.swift; sourceTree = "<group>"; };
		8F774447247B9AED00019419 /* GameScreenControllerTests.swift */ = {isa = PBXFileReference; lastKnownFileType = sourcecode.swift; path = GameScreenControllerTests.swift; sourceTree = "<group>"; };
		8F77444A247B9E2900019419 /* GameDependencyFactory.swift */ = {isa = PBXFileReference; lastKnownFileType = sourcecode.swift; path = GameDependencyFactory.swift; sourceTree = "<group>"; };
		8F7E6C9F2477607E006109D6 /* PlayerType.swift */ = {isa = PBXFileReference; lastKnownFileType = sourcecode.swift; path = PlayerType.swift; sourceTree = "<group>"; };
		8F7E6CA2247760CF006109D6 /* Player.swift */ = {isa = PBXFileReference; lastKnownFileType = sourcecode.swift; path = Player.swift; sourceTree = "<group>"; };
		8F7E6CA524776126006109D6 /* OperationResult.swift */ = {isa = PBXFileReference; lastKnownFileType = sourcecode.swift; path = OperationResult.swift; sourceTree = "<group>"; };
		8F7E6CA824776175006109D6 /* Human.swift */ = {isa = PBXFileReference; lastKnownFileType = sourcecode.swift; path = Human.swift; sourceTree = "<group>"; };
		8F7E6CAA247761F5006109D6 /* GameState.swift */ = {isa = PBXFileReference; lastKnownFileType = sourcecode.swift; path = GameState.swift; sourceTree = "<group>"; };
		8F7E6CAC2477625F006109D6 /* Computer.swift */ = {isa = PBXFileReference; lastKnownFileType = sourcecode.swift; path = Computer.swift; sourceTree = "<group>"; };
		8F7E6CAE24776285006109D6 /* ComputerOperation.swift */ = {isa = PBXFileReference; lastKnownFileType = sourcecode.swift; path = ComputerOperation.swift; sourceTree = "<group>"; };
		8F7E6CB0247762A6006109D6 /* RandomCoordinateOperation.swift */ = {isa = PBXFileReference; lastKnownFileType = sourcecode.swift; path = RandomCoordinateOperation.swift; sourceTree = "<group>"; };
		8F7E6CB224776311006109D6 /* Players.swift */ = {isa = PBXFileReference; lastKnownFileType = sourcecode.swift; path = Players.swift; sourceTree = "<group>"; };
		8F7E6CB6247763CC006109D6 /* PlayerTypeTests.swift */ = {isa = PBXFileReference; lastKnownFileType = sourcecode.swift; path = PlayerTypeTests.swift; sourceTree = "<group>"; };
		8F7E6CB82477643A006109D6 /* PlayersTests.swift */ = {isa = PBXFileReference; lastKnownFileType = sourcecode.swift; path = PlayersTests.swift; sourceTree = "<group>"; };
		8F7E6CBA247767C9006109D6 /* RandomCoordinateOperationTests.swift */ = {isa = PBXFileReference; lastKnownFileType = sourcecode.swift; path = RandomCoordinateOperationTests.swift; sourceTree = "<group>"; };
		8F7E6CBC24776C28006109D6 /* ComputerTests.swift */ = {isa = PBXFileReference; lastKnownFileType = sourcecode.swift; path = ComputerTests.swift; sourceTree = "<group>"; };
		8F7E6CBE247772C7006109D6 /* Game.swift */ = {isa = PBXFileReference; lastKnownFileType = sourcecode.swift; path = Game.swift; sourceTree = "<group>"; };
		8F7E6CC024777678006109D6 /* GameTests.swift */ = {isa = PBXFileReference; lastKnownFileType = sourcecode.swift; path = GameTests.swift; sourceTree = "<group>"; };
		8F7E6CC724779781006109D6 /* ReversiUseCase.framework */ = {isa = PBXFileReference; explicitFileType = wrapper.framework; includeInIndex = 0; path = ReversiUseCase.framework; sourceTree = BUILT_PRODUCTS_DIR; };
		8F7E6CC924779781006109D6 /* ReversiUseCase.h */ = {isa = PBXFileReference; lastKnownFileType = sourcecode.c.h; path = ReversiUseCase.h; sourceTree = "<group>"; };
		8F7E6CCA24779781006109D6 /* Info.plist */ = {isa = PBXFileReference; lastKnownFileType = text.plist.xml; path = Info.plist; sourceTree = "<group>"; };
		8F7E6CCF24779781006109D6 /* ReversiUseCaseTests.xctest */ = {isa = PBXFileReference; explicitFileType = wrapper.cfbundle; includeInIndex = 0; path = ReversiUseCaseTests.xctest; sourceTree = BUILT_PRODUCTS_DIR; };
		8F7E6CD824779782006109D6 /* Info.plist */ = {isa = PBXFileReference; lastKnownFileType = text.plist.xml; path = Info.plist; sourceTree = "<group>"; };
		8F7E6CEF24779839006109D6 /* ReversiInterfaceAdapter.framework */ = {isa = PBXFileReference; explicitFileType = wrapper.framework; includeInIndex = 0; path = ReversiInterfaceAdapter.framework; sourceTree = BUILT_PRODUCTS_DIR; };
		8F7E6CF124779839006109D6 /* ReversiInterfaceAdapter.h */ = {isa = PBXFileReference; lastKnownFileType = sourcecode.c.h; path = ReversiInterfaceAdapter.h; sourceTree = "<group>"; };
		8F7E6CF224779839006109D6 /* Info.plist */ = {isa = PBXFileReference; lastKnownFileType = text.plist.xml; path = Info.plist; sourceTree = "<group>"; };
		8F7E6CF724779839006109D6 /* ReversiInterfaceAdapterTests.xctest */ = {isa = PBXFileReference; explicitFileType = wrapper.cfbundle; includeInIndex = 0; path = ReversiInterfaceAdapterTests.xctest; sourceTree = BUILT_PRODUCTS_DIR; };
		8F7E6D0024779839006109D6 /* Info.plist */ = {isa = PBXFileReference; lastKnownFileType = text.plist.xml; path = Info.plist; sourceTree = "<group>"; };
		8F7E6D11247798F1006109D6 /* GameUseCase.swift */ = {isa = PBXFileReference; lastKnownFileType = sourcecode.swift; path = GameUseCase.swift; sourceTree = "<group>"; };
		8F7E6D1424779941006109D6 /* GameUseCaseInput.swift */ = {isa = PBXFileReference; lastKnownFileType = sourcecode.swift; path = GameUseCaseInput.swift; sourceTree = "<group>"; };
		8F7E6D1624779951006109D6 /* GameUseCaseOutput.swift */ = {isa = PBXFileReference; lastKnownFileType = sourcecode.swift; path = GameUseCaseOutput.swift; sourceTree = "<group>"; };
		8F7E6D1B24779B05006109D6 /* GameScreenPresenter.swift */ = {isa = PBXFileReference; lastKnownFileType = sourcecode.swift; path = GameScreenPresenter.swift; sourceTree = "<group>"; };
		8F7E6D1D24779B4C006109D6 /* GameScreenPresentable.swift */ = {isa = PBXFileReference; lastKnownFileType = sourcecode.swift; path = GameScreenPresentable.swift; sourceTree = "<group>"; };
		8F7E6D1F24779C54006109D6 /* GameScreenControllable.swift */ = {isa = PBXFileReference; lastKnownFileType = sourcecode.swift; path = GameScreenControllable.swift; sourceTree = "<group>"; };
		8F7E6D2124779C7A006109D6 /* GameScreenController.swift */ = {isa = PBXFileReference; lastKnownFileType = sourcecode.swift; path = GameScreenController.swift; sourceTree = "<group>"; };
		8F7E6D2324779DBC006109D6 /* GameUseCaseRequest.swift */ = {isa = PBXFileReference; lastKnownFileType = sourcecode.swift; path = GameUseCaseRequest.swift; sourceTree = "<group>"; };
		8F7E6D2524779E53006109D6 /* GameUseCaseResponse.swift */ = {isa = PBXFileReference; lastKnownFileType = sourcecode.swift; path = GameUseCaseResponse.swift; sourceTree = "<group>"; };
		8F7E6D2724779FE1006109D6 /* RepositoryGateway.swift */ = {isa = PBXFileReference; lastKnownFileType = sourcecode.swift; path = RepositoryGateway.swift; sourceTree = "<group>"; };
		8F7E6D292477A636006109D6 /* GameStateRepository.swift */ = {isa = PBXFileReference; lastKnownFileType = sourcecode.swift; path = GameStateRepository.swift; sourceTree = "<group>"; };
		8F8D62802464E913007E7E0B /* GameStateFileStore.swift */ = {isa = PBXFileReference; lastKnownFileType = sourcecode.swift; path = GameStateFileStore.swift; sourceTree = "<group>"; };
		8FA1B3832475FF13003BAAC0 /* ReversiEntity.framework */ = {isa = PBXFileReference; explicitFileType = wrapper.framework; includeInIndex = 0; path = ReversiEntity.framework; sourceTree = BUILT_PRODUCTS_DIR; };
		8FA1B3852475FF13003BAAC0 /* ReversiEntity.h */ = {isa = PBXFileReference; lastKnownFileType = sourcecode.c.h; path = ReversiEntity.h; sourceTree = "<group>"; };
		8FA1B3862475FF13003BAAC0 /* Info.plist */ = {isa = PBXFileReference; lastKnownFileType = text.plist.xml; path = Info.plist; sourceTree = "<group>"; };
		8FA1B38B2475FF13003BAAC0 /* ReversiEntityTests.xctest */ = {isa = PBXFileReference; explicitFileType = wrapper.cfbundle; includeInIndex = 0; path = ReversiEntityTests.xctest; sourceTree = BUILT_PRODUCTS_DIR; };
		8FA1B3942475FF13003BAAC0 /* Info.plist */ = {isa = PBXFileReference; lastKnownFileType = text.plist.xml; path = Info.plist; sourceTree = "<group>"; };
		8FA1B3A224760344003BAAC0 /* DiscColor.swift */ = {isa = PBXFileReference; lastKnownFileType = sourcecode.swift; path = DiscColor.swift; sourceTree = "<group>"; };
		8FA1B3A524760640003BAAC0 /* DiscColorTests.swift */ = {isa = PBXFileReference; lastKnownFileType = sourcecode.swift; path = DiscColorTests.swift; sourceTree = "<group>"; };
		8FA1B3A7247607CF003BAAC0 /* Coordinate.swift */ = {isa = PBXFileReference; lastKnownFileType = sourcecode.swift; path = Coordinate.swift; sourceTree = "<group>"; };
		8FA1B3AC24760BAF003BAAC0 /* BoardCell.swift */ = {isa = PBXFileReference; lastKnownFileType = sourcecode.swift; path = BoardCell.swift; sourceTree = "<group>"; };
		8FA1B3AE24760D9F003BAAC0 /* Disc.swift */ = {isa = PBXFileReference; lastKnownFileType = sourcecode.swift; path = Disc.swift; sourceTree = "<group>"; };
		8FA1B3B124760F6F003BAAC0 /* DiscTests.swift */ = {isa = PBXFileReference; lastKnownFileType = sourcecode.swift; path = DiscTests.swift; sourceTree = "<group>"; };
		8FA1B3B324761137003BAAC0 /* GameBoard.swift */ = {isa = PBXFileReference; lastKnownFileType = sourcecode.swift; path = GameBoard.swift; sourceTree = "<group>"; };
		8FA1B3B524761697003BAAC0 /* GameBoardTests.swift */ = {isa = PBXFileReference; lastKnownFileType = sourcecode.swift; path = GameBoardTests.swift; sourceTree = "<group>"; };
		8FA1B3B724761759003BAAC0 /* GameBoardFactory.swift */ = {isa = PBXFileReference; lastKnownFileType = sourcecode.swift; path = GameBoardFactory.swift; sourceTree = "<group>"; };
		8FA1B3B92476226D003BAAC0 /* Direction.swift */ = {isa = PBXFileReference; lastKnownFileType = sourcecode.swift; path = Direction.swift; sourceTree = "<group>"; };
		8FA1B3BB24765A45003BAAC0 /* CoordinateTests.swift */ = {isa = PBXFileReference; lastKnownFileType = sourcecode.swift; path = CoordinateTests.swift; sourceTree = "<group>"; };
		D636B39E23D35043007F370F /* DiskView.swift */ = {isa = PBXFileReference; lastKnownFileType = sourcecode.swift; path = DiskView.swift; sourceTree = "<group>"; };
		D642BDB023A9FE4500396732 /* Reversi.app */ = {isa = PBXFileReference; explicitFileType = wrapper.application; includeInIndex = 0; path = Reversi.app; sourceTree = BUILT_PRODUCTS_DIR; };
		D642BDB323A9FE4500396732 /* AppDelegate.swift */ = {isa = PBXFileReference; lastKnownFileType = sourcecode.swift; path = AppDelegate.swift; sourceTree = "<group>"; };
		D642BDB523A9FE4500396732 /* SceneDelegate.swift */ = {isa = PBXFileReference; lastKnownFileType = sourcecode.swift; path = SceneDelegate.swift; sourceTree = "<group>"; };
		D642BDB723A9FE4500396732 /* ViewController.swift */ = {isa = PBXFileReference; lastKnownFileType = sourcecode.swift; path = ViewController.swift; sourceTree = "<group>"; };
		D642BDBA23A9FE4500396732 /* Base */ = {isa = PBXFileReference; lastKnownFileType = file.storyboard; name = Base; path = Base.lproj/Main.storyboard; sourceTree = "<group>"; };
		D642BDBC23A9FE4700396732 /* Assets.xcassets */ = {isa = PBXFileReference; lastKnownFileType = folder.assetcatalog; path = Assets.xcassets; sourceTree = "<group>"; };
		D642BDBF23A9FE4700396732 /* Base */ = {isa = PBXFileReference; lastKnownFileType = file.storyboard; name = Base; path = Base.lproj/LaunchScreen.storyboard; sourceTree = "<group>"; };
		D642BDC123A9FE4700396732 /* Info.plist */ = {isa = PBXFileReference; lastKnownFileType = text.plist.xml; path = Info.plist; sourceTree = "<group>"; };
		D642BDC623A9FE4700396732 /* ReversiTests.xctest */ = {isa = PBXFileReference; explicitFileType = wrapper.cfbundle; includeInIndex = 0; path = ReversiTests.xctest; sourceTree = BUILT_PRODUCTS_DIR; };
		D642BDCA23A9FE4700396732 /* GameStateFileStoreTests.swift */ = {isa = PBXFileReference; lastKnownFileType = sourcecode.swift; path = GameStateFileStoreTests.swift; sourceTree = "<group>"; };
		D642BDCC23A9FE4700396732 /* Info.plist */ = {isa = PBXFileReference; lastKnownFileType = text.plist.xml; path = Info.plist; sourceTree = "<group>"; };
		D642BDD523AA0B3900396732 /* CellView.swift */ = {isa = PBXFileReference; lastKnownFileType = sourcecode.swift; path = CellView.swift; sourceTree = "<group>"; };
		D642BDD723AA0B5700396732 /* Disk.swift */ = {isa = PBXFileReference; lastKnownFileType = sourcecode.swift; path = Disk.swift; sourceTree = "<group>"; };
		D642BDDB23AA137C00396732 /* BoardView.swift */ = {isa = PBXFileReference; lastKnownFileType = sourcecode.swift; path = BoardView.swift; sourceTree = "<group>"; };
/* End PBXFileReference section */

/* Begin PBXFrameworksBuildPhase section */
		8F7E6CC424779781006109D6 /* Frameworks */ = {
			isa = PBXFrameworksBuildPhase;
			buildActionMask = 2147483647;
			files = (
				8F7E6CE5247797DB006109D6 /* ReversiEntity.framework in Frameworks */,
			);
			runOnlyForDeploymentPostprocessing = 0;
		};
		8F7E6CCC24779781006109D6 /* Frameworks */ = {
			isa = PBXFrameworksBuildPhase;
			buildActionMask = 2147483647;
			files = (
				8F7E6CD024779782006109D6 /* ReversiUseCase.framework in Frameworks */,
			);
			runOnlyForDeploymentPostprocessing = 0;
		};
		8F7E6CEC24779839006109D6 /* Frameworks */ = {
			isa = PBXFrameworksBuildPhase;
			buildActionMask = 2147483647;
			files = (
				8F7E6D0C24779847006109D6 /* ReversiUseCase.framework in Frameworks */,
			);
			runOnlyForDeploymentPostprocessing = 0;
		};
		8F7E6CF424779839006109D6 /* Frameworks */ = {
			isa = PBXFrameworksBuildPhase;
			buildActionMask = 2147483647;
			files = (
				8F7E6CF824779839006109D6 /* ReversiInterfaceAdapter.framework in Frameworks */,
			);
			runOnlyForDeploymentPostprocessing = 0;
		};
		8FA1B3802475FF13003BAAC0 /* Frameworks */ = {
			isa = PBXFrameworksBuildPhase;
			buildActionMask = 2147483647;
			files = (
			);
			runOnlyForDeploymentPostprocessing = 0;
		};
		8FA1B3882475FF13003BAAC0 /* Frameworks */ = {
			isa = PBXFrameworksBuildPhase;
			buildActionMask = 2147483647;
			files = (
				8FA1B38C2475FF13003BAAC0 /* ReversiEntity.framework in Frameworks */,
			);
			runOnlyForDeploymentPostprocessing = 0;
		};
		D642BDAD23A9FE4500396732 /* Frameworks */ = {
			isa = PBXFrameworksBuildPhase;
			buildActionMask = 2147483647;
			files = (
				8FA1B3982475FF13003BAAC0 /* ReversiEntity.framework in Frameworks */,
				8F7E6CDC24779782006109D6 /* ReversiUseCase.framework in Frameworks */,
				8F7E6D0424779839006109D6 /* ReversiInterfaceAdapter.framework in Frameworks */,
			);
			runOnlyForDeploymentPostprocessing = 0;
		};
		D642BDC323A9FE4700396732 /* Frameworks */ = {
			isa = PBXFrameworksBuildPhase;
			buildActionMask = 2147483647;
			files = (
			);
			runOnlyForDeploymentPostprocessing = 0;
		};
/* End PBXFrameworksBuildPhase section */

/* Begin PBXGroup section */
		8F77443D247B422A00019419 /* Gateway */ = {
			isa = PBXGroup;
			children = (
				8F77443E247B425C00019419 /* RepositoryGatewayTests.swift */,
			);
			path = Gateway;
			sourceTree = "<group>";
		};
		8F774440247B656300019419 /* UseCase */ = {
			isa = PBXGroup;
			children = (
				8F774441247B661B00019419 /* GameUseCaseTests.swift */,
			);
			path = UseCase;
			sourceTree = "<group>";
		};
		8F774443247B943600019419 /* Presenter */ = {
			isa = PBXGroup;
			children = (
				8F774444247B944D00019419 /* GameScreenPresenterTests.swift */,
			);
			path = Presenter;
			sourceTree = "<group>";
		};
		8F774446247B9AD100019419 /* Controller */ = {
			isa = PBXGroup;
			children = (
				8F774447247B9AED00019419 /* GameScreenControllerTests.swift */,
			);
			path = Controller;
			sourceTree = "<group>";
		};
		8F774449247B9E0D00019419 /* DependencyFactory */ = {
			isa = PBXGroup;
			children = (
				8F77444A247B9E2900019419 /* GameDependencyFactory.swift */,
			);
			path = DependencyFactory;
			sourceTree = "<group>";
		};
		8F7E6C9C24775FD0006109D6 /* Board */ = {
			isa = PBXGroup;
			children = (
				8FA1B3AE24760D9F003BAAC0 /* Disc.swift */,
				8FA1B3AC24760BAF003BAAC0 /* BoardCell.swift */,
				8FA1B3B324761137003BAAC0 /* GameBoard.swift */,
			);
			path = Board;
			sourceTree = "<group>";
		};
		8F7E6C9D24775FE0006109D6 /* Board */ = {
			isa = PBXGroup;
			children = (
				8FA1B3B124760F6F003BAAC0 /* DiscTests.swift */,
				8FA1B3B524761697003BAAC0 /* GameBoardTests.swift */,
				8FA1B3B724761759003BAAC0 /* GameBoardFactory.swift */,
			);
			path = Board;
			sourceTree = "<group>";
		};
		8F7E6C9E24776052006109D6 /* Player */ = {
			isa = PBXGroup;
			children = (
				8F7E6CB224776311006109D6 /* Players.swift */,
				8F7E6C9F2477607E006109D6 /* PlayerType.swift */,
				8F7E6CA2247760CF006109D6 /* Player.swift */,
				8F7E6CA824776175006109D6 /* Human.swift */,
				8F7E6CAC2477625F006109D6 /* Computer.swift */,
				8F7E6CA424776111006109D6 /* Operation */,
			);
			path = Player;
			sourceTree = "<group>";
		};
		8F7E6CA424776111006109D6 /* Operation */ = {
			isa = PBXGroup;
			children = (
				8F7E6CA524776126006109D6 /* OperationResult.swift */,
				8F7E6CAE24776285006109D6 /* ComputerOperation.swift */,
				8F7E6CB0247762A6006109D6 /* RandomCoordinateOperation.swift */,
			);
			path = Operation;
			sourceTree = "<group>";
		};
		8F7E6CB4247763B1006109D6 /* Player */ = {
			isa = PBXGroup;
			children = (
				8F7E6CB82477643A006109D6 /* PlayersTests.swift */,
				8F7E6CB6247763CC006109D6 /* PlayerTypeTests.swift */,
				8F7E6CBC24776C28006109D6 /* ComputerTests.swift */,
				8F7E6CB5247763B9006109D6 /* Operation */,
			);
			path = Player;
			sourceTree = "<group>";
		};
		8F7E6CB5247763B9006109D6 /* Operation */ = {
			isa = PBXGroup;
			children = (
				8F7E6CBA247767C9006109D6 /* RandomCoordinateOperationTests.swift */,
			);
			path = Operation;
			sourceTree = "<group>";
		};
		8F7E6CC824779781006109D6 /* ReversiUseCase */ = {
			isa = PBXGroup;
			children = (
				8F7E6D13247798FC006109D6 /* UseCase */,
				8F7E6CC924779781006109D6 /* ReversiUseCase.h */,
				8F7E6CCA24779781006109D6 /* Info.plist */,
			);
			path = ReversiUseCase;
			sourceTree = "<group>";
		};
		8F7E6CD524779782006109D6 /* ReversiUseCaseTests */ = {
			isa = PBXGroup;
			children = (
				8F774440247B656300019419 /* UseCase */,
				8F7E6CD824779782006109D6 /* Info.plist */,
			);
			path = ReversiUseCaseTests;
			sourceTree = "<group>";
		};
		8F7E6CE4247797DB006109D6 /* Frameworks */ = {
			isa = PBXGroup;
			children = (
			);
			name = Frameworks;
			sourceTree = "<group>";
		};
		8F7E6CF024779839006109D6 /* ReversiInterfaceAdapter */ = {
			isa = PBXGroup;
			children = (
				8F7E6D1A24779AE0006109D6 /* Gateway */,
				8F7E6D1824779AD1006109D6 /* Controller */,
				8F7E6D1924779AD8006109D6 /* Presenter */,
				8F7E6CF124779839006109D6 /* ReversiInterfaceAdapter.h */,
				8F7E6CF224779839006109D6 /* Info.plist */,
			);
			path = ReversiInterfaceAdapter;
			sourceTree = "<group>";
		};
		8F7E6CFD24779839006109D6 /* ReversiInterfaceAdapterTests */ = {
			isa = PBXGroup;
			children = (
				8F77443D247B422A00019419 /* Gateway */,
				8F774446247B9AD100019419 /* Controller */,
				8F774443247B943600019419 /* Presenter */,
				8F7E6D0024779839006109D6 /* Info.plist */,
			);
			path = ReversiInterfaceAdapterTests;
			sourceTree = "<group>";
		};
		8F7E6D13247798FC006109D6 /* UseCase */ = {
			isa = PBXGroup;
			children = (
				8F7E6D2324779DBC006109D6 /* GameUseCaseRequest.swift */,
				8F7E6D2524779E53006109D6 /* GameUseCaseResponse.swift */,
				8F7E6D1424779941006109D6 /* GameUseCaseInput.swift */,
				8F7E6D1624779951006109D6 /* GameUseCaseOutput.swift */,
				8F7E6D11247798F1006109D6 /* GameUseCase.swift */,
			);
			path = UseCase;
			sourceTree = "<group>";
		};
		8F7E6D1824779AD1006109D6 /* Controller */ = {
			isa = PBXGroup;
			children = (
				8F7E6D1F24779C54006109D6 /* GameScreenControllable.swift */,
				8F7E6D2124779C7A006109D6 /* GameScreenController.swift */,
			);
			path = Controller;
			sourceTree = "<group>";
		};
		8F7E6D1924779AD8006109D6 /* Presenter */ = {
			isa = PBXGroup;
			children = (
				8F7E6D1D24779B4C006109D6 /* GameScreenPresentable.swift */,
				8F7E6D1B24779B05006109D6 /* GameScreenPresenter.swift */,
			);
			path = Presenter;
			sourceTree = "<group>";
		};
		8F7E6D1A24779AE0006109D6 /* Gateway */ = {
			isa = PBXGroup;
			children = (
				8F7E6D292477A636006109D6 /* GameStateRepository.swift */,
				8F7E6D2724779FE1006109D6 /* RepositoryGateway.swift */,
			);
			path = Gateway;
			sourceTree = "<group>";
		};
		8F8D627D2464E7FF007E7E0B /* DataStore */ = {
			isa = PBXGroup;
			children = (
				8F8D62802464E913007E7E0B /* GameStateFileStore.swift */,
			);
			path = DataStore;
			sourceTree = "<group>";
		};
		8F8D62882464FE83007E7E0B /* DataStore */ = {
			isa = PBXGroup;
			children = (
				D642BDCA23A9FE4700396732 /* GameStateFileStoreTests.swift */,
			);
			path = DataStore;
			sourceTree = "<group>";
		};
		8F9A80C62475038600F84A40 /* Screen */ = {
			isa = PBXGroup;
			children = (
				D642BDB723A9FE4500396732 /* ViewController.swift */,
				D636B3A123D43203007F370F /* Views */,
				D636B3A423D432D3007F370F /* DataTypes */,
			);
			path = Screen;
			sourceTree = "<group>";
		};
		8FA1B3842475FF13003BAAC0 /* ReversiEntity */ = {
			isa = PBXGroup;
			children = (
				8FA1B3AB24760B96003BAAC0 /* Game */,
				8FA1B3A124760323003BAAC0 /* ValueObjects */,
				8FA1B3852475FF13003BAAC0 /* ReversiEntity.h */,
				8FA1B3862475FF13003BAAC0 /* Info.plist */,
			);
			path = ReversiEntity;
			sourceTree = "<group>";
		};
		8FA1B3912475FF13003BAAC0 /* ReversiEntityTests */ = {
			isa = PBXGroup;
			children = (
				8FA1B3B024760F4F003BAAC0 /* Game */,
				8FA1B3A42476062D003BAAC0 /* ValueObjects */,
				8FA1B3942475FF13003BAAC0 /* Info.plist */,
			);
			path = ReversiEntityTests;
			sourceTree = "<group>";
		};
		8FA1B3A124760323003BAAC0 /* ValueObjects */ = {
			isa = PBXGroup;
			children = (
				8FA1B3A224760344003BAAC0 /* DiscColor.swift */,
				8FA1B3A7247607CF003BAAC0 /* Coordinate.swift */,
				8FA1B3B92476226D003BAAC0 /* Direction.swift */,
			);
			path = ValueObjects;
			sourceTree = "<group>";
		};
		8FA1B3A42476062D003BAAC0 /* ValueObjects */ = {
			isa = PBXGroup;
			children = (
				8FA1B3A524760640003BAAC0 /* DiscColorTests.swift */,
				8FA1B3BB24765A45003BAAC0 /* CoordinateTests.swift */,
			);
			path = ValueObjects;
			sourceTree = "<group>";
		};
		8FA1B3AB24760B96003BAAC0 /* Game */ = {
			isa = PBXGroup;
			children = (
				8F7E6CAA247761F5006109D6 /* GameState.swift */,
				8F7E6CBE247772C7006109D6 /* Game.swift */,
				8F7E6C9C24775FD0006109D6 /* Board */,
				8F7E6C9E24776052006109D6 /* Player */,
			);
			path = Game;
			sourceTree = "<group>";
		};
		8FA1B3B024760F4F003BAAC0 /* Game */ = {
			isa = PBXGroup;
			children = (
				8F7E6CC024777678006109D6 /* GameTests.swift */,
				8F7E6C9D24775FE0006109D6 /* Board */,
				8F7E6CB4247763B1006109D6 /* Player */,
			);
			path = Game;
			sourceTree = "<group>";
		};
		D636B3A123D43203007F370F /* Views */ = {
			isa = PBXGroup;
			children = (
				D642BDDB23AA137C00396732 /* BoardView.swift */,
				D642BDD523AA0B3900396732 /* CellView.swift */,
				D636B39E23D35043007F370F /* DiskView.swift */,
			);
			path = Views;
			sourceTree = "<group>";
		};
		D636B3A423D432D3007F370F /* DataTypes */ = {
			isa = PBXGroup;
			children = (
				D642BDD723AA0B5700396732 /* Disk.swift */,
			);
			path = DataTypes;
			sourceTree = "<group>";
		};
		D642BDA723A9FE4500396732 = {
			isa = PBXGroup;
			children = (
				D642BDB223A9FE4500396732 /* Reversi */,
				D642BDC923A9FE4700396732 /* ReversiTests */,
				8F7E6CF024779839006109D6 /* ReversiInterfaceAdapter */,
				8F7E6CFD24779839006109D6 /* ReversiInterfaceAdapterTests */,
				8F7E6CC824779781006109D6 /* ReversiUseCase */,
				8F7E6CD524779782006109D6 /* ReversiUseCaseTests */,
				8FA1B3842475FF13003BAAC0 /* ReversiEntity */,
				8FA1B3912475FF13003BAAC0 /* ReversiEntityTests */,
				D642BDB123A9FE4500396732 /* Products */,
				8F7E6CE4247797DB006109D6 /* Frameworks */,
			);
			sourceTree = "<group>";
		};
		D642BDB123A9FE4500396732 /* Products */ = {
			isa = PBXGroup;
			children = (
				D642BDB023A9FE4500396732 /* Reversi.app */,
				D642BDC623A9FE4700396732 /* ReversiTests.xctest */,
				8FA1B3832475FF13003BAAC0 /* ReversiEntity.framework */,
				8FA1B38B2475FF13003BAAC0 /* ReversiEntityTests.xctest */,
				8F7E6CC724779781006109D6 /* ReversiUseCase.framework */,
				8F7E6CCF24779781006109D6 /* ReversiUseCaseTests.xctest */,
				8F7E6CEF24779839006109D6 /* ReversiInterfaceAdapter.framework */,
				8F7E6CF724779839006109D6 /* ReversiInterfaceAdapterTests.xctest */,
			);
			name = Products;
			sourceTree = "<group>";
		};
		D642BDB223A9FE4500396732 /* Reversi */ = {
			isa = PBXGroup;
			children = (
				D642BDB323A9FE4500396732 /* AppDelegate.swift */,
				D642BDB523A9FE4500396732 /* SceneDelegate.swift */,
				D642BDB923A9FE4500396732 /* Main.storyboard */,
				D642BDBC23A9FE4700396732 /* Assets.xcassets */,
				D642BDBE23A9FE4700396732 /* LaunchScreen.storyboard */,
				D642BDC123A9FE4700396732 /* Info.plist */,
				8F774449247B9E0D00019419 /* DependencyFactory */,
				8F8D627D2464E7FF007E7E0B /* DataStore */,
				8F9A80C62475038600F84A40 /* Screen */,
			);
			path = Reversi;
			sourceTree = "<group>";
		};
		D642BDC923A9FE4700396732 /* ReversiTests */ = {
			isa = PBXGroup;
			children = (
				8F8D62882464FE83007E7E0B /* DataStore */,
				D642BDCC23A9FE4700396732 /* Info.plist */,
			);
			path = ReversiTests;
			sourceTree = "<group>";
		};
/* End PBXGroup section */

/* Begin PBXHeadersBuildPhase section */
		8F7E6CC224779781006109D6 /* Headers */ = {
			isa = PBXHeadersBuildPhase;
			buildActionMask = 2147483647;
			files = (
				8F7E6CD924779782006109D6 /* ReversiUseCase.h in Headers */,
			);
			runOnlyForDeploymentPostprocessing = 0;
		};
		8F7E6CEA24779839006109D6 /* Headers */ = {
			isa = PBXHeadersBuildPhase;
			buildActionMask = 2147483647;
			files = (
				8F7E6D0124779839006109D6 /* ReversiInterfaceAdapter.h in Headers */,
			);
			runOnlyForDeploymentPostprocessing = 0;
		};
		8FA1B37E2475FF13003BAAC0 /* Headers */ = {
			isa = PBXHeadersBuildPhase;
			buildActionMask = 2147483647;
			files = (
				8FA1B3952475FF13003BAAC0 /* ReversiEntity.h in Headers */,
			);
			runOnlyForDeploymentPostprocessing = 0;
		};
/* End PBXHeadersBuildPhase section */

/* Begin PBXNativeTarget section */
		8F7E6CC624779781006109D6 /* ReversiUseCase */ = {
			isa = PBXNativeTarget;
			buildConfigurationList = 8F7E6CE224779782006109D6 /* Build configuration list for PBXNativeTarget "ReversiUseCase" */;
			buildPhases = (
				8F7E6CC224779781006109D6 /* Headers */,
				8F7E6CC324779781006109D6 /* Sources */,
				8F7E6CC424779781006109D6 /* Frameworks */,
				8F7E6CC524779781006109D6 /* Resources */,
				8F7E6CE9247797DB006109D6 /* Embed Frameworks */,
			);
			buildRules = (
			);
			dependencies = (
				8F7E6CE8247797DB006109D6 /* PBXTargetDependency */,
			);
			name = ReversiUseCase;
			productName = ReversiUseCase;
			productReference = 8F7E6CC724779781006109D6 /* ReversiUseCase.framework */;
			productType = "com.apple.product-type.framework";
		};
		8F7E6CCE24779781006109D6 /* ReversiUseCaseTests */ = {
			isa = PBXNativeTarget;
			buildConfigurationList = 8F7E6CE324779782006109D6 /* Build configuration list for PBXNativeTarget "ReversiUseCaseTests" */;
			buildPhases = (
				8F7E6CCB24779781006109D6 /* Sources */,
				8F7E6CCC24779781006109D6 /* Frameworks */,
				8F7E6CCD24779781006109D6 /* Resources */,
			);
			buildRules = (
			);
			dependencies = (
				8F7E6CD224779782006109D6 /* PBXTargetDependency */,
				8F7E6CD424779782006109D6 /* PBXTargetDependency */,
			);
			name = ReversiUseCaseTests;
			productName = ReversiUseCaseTests;
			productReference = 8F7E6CCF24779781006109D6 /* ReversiUseCaseTests.xctest */;
			productType = "com.apple.product-type.bundle.unit-test";
		};
		8F7E6CEE24779839006109D6 /* ReversiInterfaceAdapter */ = {
			isa = PBXNativeTarget;
			buildConfigurationList = 8F7E6D0624779839006109D6 /* Build configuration list for PBXNativeTarget "ReversiInterfaceAdapter" */;
			buildPhases = (
				8F7E6CEA24779839006109D6 /* Headers */,
				8F7E6CEB24779839006109D6 /* Sources */,
				8F7E6CEC24779839006109D6 /* Frameworks */,
				8F7E6CED24779839006109D6 /* Resources */,
				8F7E6D1024779847006109D6 /* Embed Frameworks */,
			);
			buildRules = (
			);
			dependencies = (
				8F7E6D0F24779847006109D6 /* PBXTargetDependency */,
			);
			name = ReversiInterfaceAdapter;
			productName = ReversiInterfaceAdapter;
			productReference = 8F7E6CEF24779839006109D6 /* ReversiInterfaceAdapter.framework */;
			productType = "com.apple.product-type.framework";
		};
		8F7E6CF624779839006109D6 /* ReversiInterfaceAdapterTests */ = {
			isa = PBXNativeTarget;
			buildConfigurationList = 8F7E6D0924779839006109D6 /* Build configuration list for PBXNativeTarget "ReversiInterfaceAdapterTests" */;
			buildPhases = (
				8F7E6CF324779839006109D6 /* Sources */,
				8F7E6CF424779839006109D6 /* Frameworks */,
				8F7E6CF524779839006109D6 /* Resources */,
			);
			buildRules = (
			);
			dependencies = (
				8F7E6CFA24779839006109D6 /* PBXTargetDependency */,
				8F7E6CFC24779839006109D6 /* PBXTargetDependency */,
			);
			name = ReversiInterfaceAdapterTests;
			productName = ReversiInterfaceAdapterTests;
			productReference = 8F7E6CF724779839006109D6 /* ReversiInterfaceAdapterTests.xctest */;
			productType = "com.apple.product-type.bundle.unit-test";
		};
		8FA1B3822475FF13003BAAC0 /* ReversiEntity */ = {
			isa = PBXNativeTarget;
			buildConfigurationList = 8FA1B39A2475FF13003BAAC0 /* Build configuration list for PBXNativeTarget "ReversiEntity" */;
			buildPhases = (
				8FA1B37E2475FF13003BAAC0 /* Headers */,
				8FA1B37F2475FF13003BAAC0 /* Sources */,
				8FA1B3802475FF13003BAAC0 /* Frameworks */,
				8FA1B3812475FF13003BAAC0 /* Resources */,
			);
			buildRules = (
			);
			dependencies = (
			);
			name = ReversiEntity;
			productName = ReversiEntity;
			productReference = 8FA1B3832475FF13003BAAC0 /* ReversiEntity.framework */;
			productType = "com.apple.product-type.framework";
		};
		8FA1B38A2475FF13003BAAC0 /* ReversiEntityTests */ = {
			isa = PBXNativeTarget;
			buildConfigurationList = 8FA1B39E2475FF13003BAAC0 /* Build configuration list for PBXNativeTarget "ReversiEntityTests" */;
			buildPhases = (
				8FA1B3872475FF13003BAAC0 /* Sources */,
				8FA1B3882475FF13003BAAC0 /* Frameworks */,
				8FA1B3892475FF13003BAAC0 /* Resources */,
			);
			buildRules = (
			);
			dependencies = (
				8FA1B38E2475FF13003BAAC0 /* PBXTargetDependency */,
				8FA1B3902475FF13003BAAC0 /* PBXTargetDependency */,
			);
			name = ReversiEntityTests;
			productName = ReversiEntityTests;
			productReference = 8FA1B38B2475FF13003BAAC0 /* ReversiEntityTests.xctest */;
			productType = "com.apple.product-type.bundle.unit-test";
		};
		D642BDAF23A9FE4500396732 /* Reversi */ = {
			isa = PBXNativeTarget;
			buildConfigurationList = D642BDCF23A9FE4800396732 /* Build configuration list for PBXNativeTarget "Reversi" */;
			buildPhases = (
				D642BDAC23A9FE4500396732 /* Sources */,
				D642BDAD23A9FE4500396732 /* Frameworks */,
				D642BDAE23A9FE4500396732 /* Resources */,
				8F5FB59F245A73690010F542 /* SwiftLint */,
				8FA1B39D2475FF13003BAAC0 /* Embed Frameworks */,
			);
			buildRules = (
			);
			dependencies = (
				8FA1B3972475FF13003BAAC0 /* PBXTargetDependency */,
				8F7E6CDB24779782006109D6 /* PBXTargetDependency */,
				8F7E6D0324779839006109D6 /* PBXTargetDependency */,
			);
			name = Reversi;
			productName = Reversi;
			productReference = D642BDB023A9FE4500396732 /* Reversi.app */;
			productType = "com.apple.product-type.application";
		};
		D642BDC523A9FE4700396732 /* ReversiTests */ = {
			isa = PBXNativeTarget;
			buildConfigurationList = D642BDD223A9FE4800396732 /* Build configuration list for PBXNativeTarget "ReversiTests" */;
			buildPhases = (
				D642BDC223A9FE4700396732 /* Sources */,
				D642BDC323A9FE4700396732 /* Frameworks */,
				D642BDC423A9FE4700396732 /* Resources */,
			);
			buildRules = (
			);
			dependencies = (
				D642BDC823A9FE4700396732 /* PBXTargetDependency */,
			);
			name = ReversiTests;
			productName = ReversiTests;
			productReference = D642BDC623A9FE4700396732 /* ReversiTests.xctest */;
			productType = "com.apple.product-type.bundle.unit-test";
		};
/* End PBXNativeTarget section */

/* Begin PBXProject section */
		D642BDA823A9FE4500396732 /* Project object */ = {
			isa = PBXProject;
			attributes = {
				LastSwiftUpdateCheck = 1130;
				LastUpgradeCheck = 1130;
				ORGANIZATIONNAME = yoshimasa36g;
				TargetAttributes = {
					8F7E6CC624779781006109D6 = {
						CreatedOnToolsVersion = 11.3.1;
						LastSwiftMigration = 1130;
					};
					8F7E6CCE24779781006109D6 = {
						CreatedOnToolsVersion = 11.3.1;
						TestTargetID = D642BDAF23A9FE4500396732;
					};
					8F7E6CEE24779839006109D6 = {
						CreatedOnToolsVersion = 11.3.1;
						LastSwiftMigration = 1130;
					};
					8F7E6CF624779839006109D6 = {
						CreatedOnToolsVersion = 11.3.1;
						LastSwiftMigration = 1130;
						TestTargetID = D642BDAF23A9FE4500396732;
					};
					8FA1B3822475FF13003BAAC0 = {
						CreatedOnToolsVersion = 11.3.1;
						LastSwiftMigration = 1130;
					};
					8FA1B38A2475FF13003BAAC0 = {
						CreatedOnToolsVersion = 11.3.1;
						LastSwiftMigration = 1130;
						TestTargetID = D642BDAF23A9FE4500396732;
					};
					D642BDAF23A9FE4500396732 = {
						CreatedOnToolsVersion = 11.3;
					};
					D642BDC523A9FE4700396732 = {
						CreatedOnToolsVersion = 11.3;
						TestTargetID = D642BDAF23A9FE4500396732;
					};
				};
			};
			buildConfigurationList = D642BDAB23A9FE4500396732 /* Build configuration list for PBXProject "Reversi" */;
			compatibilityVersion = "Xcode 9.3";
			developmentRegion = en;
			hasScannedForEncodings = 0;
			knownRegions = (
				en,
				Base,
			);
			mainGroup = D642BDA723A9FE4500396732;
			productRefGroup = D642BDB123A9FE4500396732 /* Products */;
			projectDirPath = "";
			projectRoot = "";
			targets = (
				D642BDAF23A9FE4500396732 /* Reversi */,
				D642BDC523A9FE4700396732 /* ReversiTests */,
				8F7E6CEE24779839006109D6 /* ReversiInterfaceAdapter */,
				8F7E6CF624779839006109D6 /* ReversiInterfaceAdapterTests */,
				8F7E6CC624779781006109D6 /* ReversiUseCase */,
				8F7E6CCE24779781006109D6 /* ReversiUseCaseTests */,
				8FA1B3822475FF13003BAAC0 /* ReversiEntity */,
				8FA1B38A2475FF13003BAAC0 /* ReversiEntityTests */,
			);
		};
/* End PBXProject section */

/* Begin PBXResourcesBuildPhase section */
		8F7E6CC524779781006109D6 /* Resources */ = {
			isa = PBXResourcesBuildPhase;
			buildActionMask = 2147483647;
			files = (
			);
			runOnlyForDeploymentPostprocessing = 0;
		};
		8F7E6CCD24779781006109D6 /* Resources */ = {
			isa = PBXResourcesBuildPhase;
			buildActionMask = 2147483647;
			files = (
			);
			runOnlyForDeploymentPostprocessing = 0;
		};
		8F7E6CED24779839006109D6 /* Resources */ = {
			isa = PBXResourcesBuildPhase;
			buildActionMask = 2147483647;
			files = (
			);
			runOnlyForDeploymentPostprocessing = 0;
		};
		8F7E6CF524779839006109D6 /* Resources */ = {
			isa = PBXResourcesBuildPhase;
			buildActionMask = 2147483647;
			files = (
			);
			runOnlyForDeploymentPostprocessing = 0;
		};
		8FA1B3812475FF13003BAAC0 /* Resources */ = {
			isa = PBXResourcesBuildPhase;
			buildActionMask = 2147483647;
			files = (
			);
			runOnlyForDeploymentPostprocessing = 0;
		};
		8FA1B3892475FF13003BAAC0 /* Resources */ = {
			isa = PBXResourcesBuildPhase;
			buildActionMask = 2147483647;
			files = (
			);
			runOnlyForDeploymentPostprocessing = 0;
		};
		D642BDAE23A9FE4500396732 /* Resources */ = {
			isa = PBXResourcesBuildPhase;
			buildActionMask = 2147483647;
			files = (
				D642BDC023A9FE4700396732 /* LaunchScreen.storyboard in Resources */,
				D642BDBD23A9FE4700396732 /* Assets.xcassets in Resources */,
				D642BDBB23A9FE4500396732 /* Main.storyboard in Resources */,
			);
			runOnlyForDeploymentPostprocessing = 0;
		};
		D642BDC423A9FE4700396732 /* Resources */ = {
			isa = PBXResourcesBuildPhase;
			buildActionMask = 2147483647;
			files = (
			);
			runOnlyForDeploymentPostprocessing = 0;
		};
/* End PBXResourcesBuildPhase section */

/* Begin PBXShellScriptBuildPhase section */
		8F5FB59F245A73690010F542 /* SwiftLint */ = {
			isa = PBXShellScriptBuildPhase;
			buildActionMask = 2147483647;
			files = (
			);
			inputFileListPaths = (
			);
			inputPaths = (
			);
			name = SwiftLint;
			outputFileListPaths = (
			);
			outputPaths = (
			);
			runOnlyForDeploymentPostprocessing = 0;
			shellPath = /bin/sh;
			shellScript = "if which swiftlint >/dev/null; then\n  swiftlint autocorrect\n  swiftlint\nelse\n  echo \"warning: SwiftLint not installed, download from https://github.com/realm/SwiftLint\"\nfi\n";
		};
/* End PBXShellScriptBuildPhase section */

/* Begin PBXSourcesBuildPhase section */
		8F7E6CC324779781006109D6 /* Sources */ = {
			isa = PBXSourcesBuildPhase;
			buildActionMask = 2147483647;
			files = (
				8F7E6D1524779941006109D6 /* GameUseCaseInput.swift in Sources */,
				8F7E6D2624779E53006109D6 /* GameUseCaseResponse.swift in Sources */,
				8F7E6D1724779951006109D6 /* GameUseCaseOutput.swift in Sources */,
				8F7E6D2424779DBC006109D6 /* GameUseCaseRequest.swift in Sources */,
				8F7E6D12247798F1006109D6 /* GameUseCase.swift in Sources */,
			);
			runOnlyForDeploymentPostprocessing = 0;
		};
		8F7E6CCB24779781006109D6 /* Sources */ = {
			isa = PBXSourcesBuildPhase;
			buildActionMask = 2147483647;
			files = (
				8F774442247B661B00019419 /* GameUseCaseTests.swift in Sources */,
			);
			runOnlyForDeploymentPostprocessing = 0;
		};
		8F7E6CEB24779839006109D6 /* Sources */ = {
			isa = PBXSourcesBuildPhase;
			buildActionMask = 2147483647;
			files = (
				8F7E6D2824779FE1006109D6 /* RepositoryGateway.swift in Sources */,
				8F7E6D1C24779B05006109D6 /* GameScreenPresenter.swift in Sources */,
				8F7E6D1E24779B4C006109D6 /* GameScreenPresentable.swift in Sources */,
				8F7E6D2024779C54006109D6 /* GameScreenControllable.swift in Sources */,
				8F7E6D2224779C7A006109D6 /* GameScreenController.swift in Sources */,
				8F7E6D2A2477A636006109D6 /* GameStateRepository.swift in Sources */,
			);
			runOnlyForDeploymentPostprocessing = 0;
		};
		8F7E6CF324779839006109D6 /* Sources */ = {
			isa = PBXSourcesBuildPhase;
			buildActionMask = 2147483647;
			files = (
				8F774448247B9AED00019419 /* GameScreenControllerTests.swift in Sources */,
				8F774445247B944D00019419 /* GameScreenPresenterTests.swift in Sources */,
				8F77443F247B425C00019419 /* RepositoryGatewayTests.swift in Sources */,
			);
			runOnlyForDeploymentPostprocessing = 0;
		};
		8FA1B37F2475FF13003BAAC0 /* Sources */ = {
			isa = PBXSourcesBuildPhase;
			buildActionMask = 2147483647;
			files = (
				8F7E6CAD2477625F006109D6 /* Computer.swift in Sources */,
				8FA1B3AF24760D9F003BAAC0 /* Disc.swift in Sources */,
				8FA1B3A324760344003BAAC0 /* DiscColor.swift in Sources */,
				8F7E6CA02477607E006109D6 /* PlayerType.swift in Sources */,
				8FA1B3B424761137003BAAC0 /* GameBoard.swift in Sources */,
				8F7E6CA3247760CF006109D6 /* Player.swift in Sources */,
				8F7E6CB324776311006109D6 /* Players.swift in Sources */,
				8FA1B3AD24760BAF003BAAC0 /* BoardCell.swift in Sources */,
				8FA1B3A8247607CF003BAAC0 /* Coordinate.swift in Sources */,
				8F7E6CA924776175006109D6 /* Human.swift in Sources */,
				8F7E6CAF24776285006109D6 /* ComputerOperation.swift in Sources */,
				8F7E6CB1247762A6006109D6 /* RandomCoordinateOperation.swift in Sources */,
				8F7E6CA624776126006109D6 /* OperationResult.swift in Sources */,
				8FA1B3BA2476226D003BAAC0 /* Direction.swift in Sources */,
				8F7E6CAB247761F5006109D6 /* GameState.swift in Sources */,
				8F7E6CBF247772C7006109D6 /* Game.swift in Sources */,
			);
			runOnlyForDeploymentPostprocessing = 0;
		};
		8FA1B3872475FF13003BAAC0 /* Sources */ = {
			isa = PBXSourcesBuildPhase;
			buildActionMask = 2147483647;
			files = (
				8F7E6CB92477643A006109D6 /* PlayersTests.swift in Sources */,
				8FA1B3B824761759003BAAC0 /* GameBoardFactory.swift in Sources */,
				8FA1B3B624761697003BAAC0 /* GameBoardTests.swift in Sources */,
				8FA1B3B224760F6F003BAAC0 /* DiscTests.swift in Sources */,
				8F7E6CBB247767C9006109D6 /* RandomCoordinateOperationTests.swift in Sources */,
				8FA1B3BC24765A45003BAAC0 /* CoordinateTests.swift in Sources */,
				8F7E6CBD24776C28006109D6 /* ComputerTests.swift in Sources */,
				8F7E6CB7247763CC006109D6 /* PlayerTypeTests.swift in Sources */,
				8FA1B3A624760640003BAAC0 /* DiscColorTests.swift in Sources */,
				8F7E6CC124777678006109D6 /* GameTests.swift in Sources */,
			);
			runOnlyForDeploymentPostprocessing = 0;
		};
		D642BDAC23A9FE4500396732 /* Sources */ = {
			isa = PBXSourcesBuildPhase;
			buildActionMask = 2147483647;
			files = (
				8F77444B247B9E2900019419 /* GameDependencyFactory.swift in Sources */,
				D636B39F23D35043007F370F /* DiskView.swift in Sources */,
				D642BDD623AA0B3900396732 /* CellView.swift in Sources */,
				D642BDD823AA0B5700396732 /* Disk.swift in Sources */,
				D642BDB823A9FE4500396732 /* ViewController.swift in Sources */,
				8F8D62812464E913007E7E0B /* GameStateFileStore.swift in Sources */,
				D642BDDC23AA137C00396732 /* BoardView.swift in Sources */,
				D642BDB423A9FE4500396732 /* AppDelegate.swift in Sources */,
				D642BDB623A9FE4500396732 /* SceneDelegate.swift in Sources */,
			);
			runOnlyForDeploymentPostprocessing = 0;
		};
		D642BDC223A9FE4700396732 /* Sources */ = {
			isa = PBXSourcesBuildPhase;
			buildActionMask = 2147483647;
			files = (
				D642BDCB23A9FE4700396732 /* GameStateFileStoreTests.swift in Sources */,
			);
			runOnlyForDeploymentPostprocessing = 0;
		};
/* End PBXSourcesBuildPhase section */

/* Begin PBXTargetDependency section */
		8F7E6CD224779782006109D6 /* PBXTargetDependency */ = {
			isa = PBXTargetDependency;
			target = 8F7E6CC624779781006109D6 /* ReversiUseCase */;
			targetProxy = 8F7E6CD124779782006109D6 /* PBXContainerItemProxy */;
		};
		8F7E6CD424779782006109D6 /* PBXTargetDependency */ = {
			isa = PBXTargetDependency;
			target = D642BDAF23A9FE4500396732 /* Reversi */;
			targetProxy = 8F7E6CD324779782006109D6 /* PBXContainerItemProxy */;
		};
		8F7E6CDB24779782006109D6 /* PBXTargetDependency */ = {
			isa = PBXTargetDependency;
			target = 8F7E6CC624779781006109D6 /* ReversiUseCase */;
			targetProxy = 8F7E6CDA24779782006109D6 /* PBXContainerItemProxy */;
		};
		8F7E6CE8247797DB006109D6 /* PBXTargetDependency */ = {
			isa = PBXTargetDependency;
			target = 8FA1B3822475FF13003BAAC0 /* ReversiEntity */;
			targetProxy = 8F7E6CE7247797DB006109D6 /* PBXContainerItemProxy */;
		};
		8F7E6CFA24779839006109D6 /* PBXTargetDependency */ = {
			isa = PBXTargetDependency;
			target = 8F7E6CEE24779839006109D6 /* ReversiInterfaceAdapter */;
			targetProxy = 8F7E6CF924779839006109D6 /* PBXContainerItemProxy */;
		};
		8F7E6CFC24779839006109D6 /* PBXTargetDependency */ = {
			isa = PBXTargetDependency;
			target = D642BDAF23A9FE4500396732 /* Reversi */;
			targetProxy = 8F7E6CFB24779839006109D6 /* PBXContainerItemProxy */;
		};
		8F7E6D0324779839006109D6 /* PBXTargetDependency */ = {
			isa = PBXTargetDependency;
			target = 8F7E6CEE24779839006109D6 /* ReversiInterfaceAdapter */;
			targetProxy = 8F7E6D0224779839006109D6 /* PBXContainerItemProxy */;
		};
		8F7E6D0F24779847006109D6 /* PBXTargetDependency */ = {
			isa = PBXTargetDependency;
			target = 8F7E6CC624779781006109D6 /* ReversiUseCase */;
			targetProxy = 8F7E6D0E24779847006109D6 /* PBXContainerItemProxy */;
		};
		8FA1B38E2475FF13003BAAC0 /* PBXTargetDependency */ = {
			isa = PBXTargetDependency;
			target = 8FA1B3822475FF13003BAAC0 /* ReversiEntity */;
			targetProxy = 8FA1B38D2475FF13003BAAC0 /* PBXContainerItemProxy */;
		};
		8FA1B3902475FF13003BAAC0 /* PBXTargetDependency */ = {
			isa = PBXTargetDependency;
			target = D642BDAF23A9FE4500396732 /* Reversi */;
			targetProxy = 8FA1B38F2475FF13003BAAC0 /* PBXContainerItemProxy */;
		};
		8FA1B3972475FF13003BAAC0 /* PBXTargetDependency */ = {
			isa = PBXTargetDependency;
			target = 8FA1B3822475FF13003BAAC0 /* ReversiEntity */;
			targetProxy = 8FA1B3962475FF13003BAAC0 /* PBXContainerItemProxy */;
		};
		D642BDC823A9FE4700396732 /* PBXTargetDependency */ = {
			isa = PBXTargetDependency;
			target = D642BDAF23A9FE4500396732 /* Reversi */;
			targetProxy = D642BDC723A9FE4700396732 /* PBXContainerItemProxy */;
		};
/* End PBXTargetDependency section */

/* Begin PBXVariantGroup section */
		D642BDB923A9FE4500396732 /* Main.storyboard */ = {
			isa = PBXVariantGroup;
			children = (
				D642BDBA23A9FE4500396732 /* Base */,
			);
			name = Main.storyboard;
			sourceTree = "<group>";
		};
		D642BDBE23A9FE4700396732 /* LaunchScreen.storyboard */ = {
			isa = PBXVariantGroup;
			children = (
				D642BDBF23A9FE4700396732 /* Base */,
			);
			name = LaunchScreen.storyboard;
			sourceTree = "<group>";
		};
/* End PBXVariantGroup section */

/* Begin XCBuildConfiguration section */
		8F7E6CDE24779782006109D6 /* Debug */ = {
			isa = XCBuildConfiguration;
			buildSettings = {
				CLANG_ENABLE_MODULES = YES;
				CODE_SIGN_STYLE = Manual;
				CURRENT_PROJECT_VERSION = 1;
				DEFINES_MODULE = YES;
				DERIVE_MACCATALYST_PRODUCT_BUNDLE_IDENTIFIER = NO;
				DEVELOPMENT_TEAM = "";
				DYLIB_COMPATIBILITY_VERSION = 1;
				DYLIB_CURRENT_VERSION = 1;
				DYLIB_INSTALL_NAME_BASE = "@rpath";
				INFOPLIST_FILE = ReversiUseCase/Info.plist;
				INSTALL_PATH = "$(LOCAL_LIBRARY_DIR)/Frameworks";
				IPHONEOS_DEPLOYMENT_TARGET = 13.2;
				LD_RUNPATH_SEARCH_PATHS = (
					"$(inherited)",
					"@executable_path/Frameworks",
					"@loader_path/Frameworks",
				);
				PRODUCT_BUNDLE_IDENTIFIER = com.yoshimasa36g.ReversiUseCase;
				PRODUCT_NAME = "$(TARGET_NAME:c99extidentifier)";
				PROVISIONING_PROFILE_SPECIFIER = "";
				"PROVISIONING_PROFILE_SPECIFIER[sdk=macosx*]" = "";
				SKIP_INSTALL = YES;
				SUPPORTS_MACCATALYST = NO;
				SWIFT_OPTIMIZATION_LEVEL = "-Onone";
				SWIFT_VERSION = 5.0;
				TARGETED_DEVICE_FAMILY = "1,2";
				VERSIONING_SYSTEM = "apple-generic";
				VERSION_INFO_PREFIX = "";
			};
			name = Debug;
		};
		8F7E6CDF24779782006109D6 /* Release */ = {
			isa = XCBuildConfiguration;
			buildSettings = {
				CLANG_ENABLE_MODULES = YES;
				CODE_SIGN_STYLE = Manual;
				CURRENT_PROJECT_VERSION = 1;
				DEFINES_MODULE = YES;
				DERIVE_MACCATALYST_PRODUCT_BUNDLE_IDENTIFIER = NO;
				DEVELOPMENT_TEAM = "";
				DYLIB_COMPATIBILITY_VERSION = 1;
				DYLIB_CURRENT_VERSION = 1;
				DYLIB_INSTALL_NAME_BASE = "@rpath";
				INFOPLIST_FILE = ReversiUseCase/Info.plist;
				INSTALL_PATH = "$(LOCAL_LIBRARY_DIR)/Frameworks";
				IPHONEOS_DEPLOYMENT_TARGET = 13.2;
				LD_RUNPATH_SEARCH_PATHS = (
					"$(inherited)",
					"@executable_path/Frameworks",
					"@loader_path/Frameworks",
				);
				PRODUCT_BUNDLE_IDENTIFIER = com.yoshimasa36g.ReversiUseCase;
				PRODUCT_NAME = "$(TARGET_NAME:c99extidentifier)";
				PROVISIONING_PROFILE_SPECIFIER = "";
				"PROVISIONING_PROFILE_SPECIFIER[sdk=macosx*]" = "";
				SKIP_INSTALL = YES;
				SUPPORTS_MACCATALYST = NO;
				SWIFT_VERSION = 5.0;
				TARGETED_DEVICE_FAMILY = "1,2";
				VERSIONING_SYSTEM = "apple-generic";
				VERSION_INFO_PREFIX = "";
			};
			name = Release;
		};
		8F7E6CE024779782006109D6 /* Debug */ = {
			isa = XCBuildConfiguration;
			buildSettings = {
				ALWAYS_EMBED_SWIFT_STANDARD_LIBRARIES = YES;
				CODE_SIGN_STYLE = Manual;
				DEVELOPMENT_TEAM = "";
				INFOPLIST_FILE = ReversiUseCaseTests/Info.plist;
				IPHONEOS_DEPLOYMENT_TARGET = 13.2;
				LD_RUNPATH_SEARCH_PATHS = (
					"$(inherited)",
					"@executable_path/Frameworks",
					"@loader_path/Frameworks",
				);
				PRODUCT_BUNDLE_IDENTIFIER = com.yoshimasa36g.ReversiUseCaseTests;
				PRODUCT_NAME = "$(TARGET_NAME)";
				PROVISIONING_PROFILE_SPECIFIER = "";
				"PROVISIONING_PROFILE_SPECIFIER[sdk=macosx*]" = "";
				SWIFT_VERSION = 5.0;
				TARGETED_DEVICE_FAMILY = "1,2";
				TEST_HOST = "$(BUILT_PRODUCTS_DIR)/Reversi.app/Reversi";
			};
			name = Debug;
		};
		8F7E6CE124779782006109D6 /* Release */ = {
			isa = XCBuildConfiguration;
			buildSettings = {
				ALWAYS_EMBED_SWIFT_STANDARD_LIBRARIES = YES;
				CODE_SIGN_STYLE = Manual;
				DEVELOPMENT_TEAM = "";
				INFOPLIST_FILE = ReversiUseCaseTests/Info.plist;
				IPHONEOS_DEPLOYMENT_TARGET = 13.2;
				LD_RUNPATH_SEARCH_PATHS = (
					"$(inherited)",
					"@executable_path/Frameworks",
					"@loader_path/Frameworks",
				);
				PRODUCT_BUNDLE_IDENTIFIER = com.yoshimasa36g.ReversiUseCaseTests;
				PRODUCT_NAME = "$(TARGET_NAME)";
				PROVISIONING_PROFILE_SPECIFIER = "";
				"PROVISIONING_PROFILE_SPECIFIER[sdk=macosx*]" = "";
				SWIFT_VERSION = 5.0;
				TARGETED_DEVICE_FAMILY = "1,2";
				TEST_HOST = "$(BUILT_PRODUCTS_DIR)/Reversi.app/Reversi";
			};
			name = Release;
		};
		8F7E6D0724779839006109D6 /* Debug */ = {
			isa = XCBuildConfiguration;
			buildSettings = {
				CLANG_ENABLE_MODULES = YES;
				CODE_SIGN_STYLE = Manual;
				CURRENT_PROJECT_VERSION = 1;
				DEFINES_MODULE = YES;
				DEVELOPMENT_TEAM = "";
				DYLIB_COMPATIBILITY_VERSION = 1;
				DYLIB_CURRENT_VERSION = 1;
				DYLIB_INSTALL_NAME_BASE = "@rpath";
				INFOPLIST_FILE = ReversiInterfaceAdapter/Info.plist;
				INSTALL_PATH = "$(LOCAL_LIBRARY_DIR)/Frameworks";
				IPHONEOS_DEPLOYMENT_TARGET = 13.2;
				LD_RUNPATH_SEARCH_PATHS = (
					"$(inherited)",
					"@executable_path/Frameworks",
					"@loader_path/Frameworks",
				);
				PRODUCT_BUNDLE_IDENTIFIER = com.yoshimasa36g.ReversiInterfaceAdapter;
				PRODUCT_NAME = "$(TARGET_NAME:c99extidentifier)";
				PROVISIONING_PROFILE_SPECIFIER = "";
				"PROVISIONING_PROFILE_SPECIFIER[sdk=macosx*]" = "";
				SKIP_INSTALL = YES;
				SWIFT_OPTIMIZATION_LEVEL = "-Onone";
				SWIFT_VERSION = 5.0;
				TARGETED_DEVICE_FAMILY = "1,2";
				VERSIONING_SYSTEM = "apple-generic";
				VERSION_INFO_PREFIX = "";
			};
			name = Debug;
		};
		8F7E6D0824779839006109D6 /* Release */ = {
			isa = XCBuildConfiguration;
			buildSettings = {
				CLANG_ENABLE_MODULES = YES;
				CODE_SIGN_STYLE = Manual;
				CURRENT_PROJECT_VERSION = 1;
				DEFINES_MODULE = YES;
				DEVELOPMENT_TEAM = "";
				DYLIB_COMPATIBILITY_VERSION = 1;
				DYLIB_CURRENT_VERSION = 1;
				DYLIB_INSTALL_NAME_BASE = "@rpath";
				INFOPLIST_FILE = ReversiInterfaceAdapter/Info.plist;
				INSTALL_PATH = "$(LOCAL_LIBRARY_DIR)/Frameworks";
				IPHONEOS_DEPLOYMENT_TARGET = 13.2;
				LD_RUNPATH_SEARCH_PATHS = (
					"$(inherited)",
					"@executable_path/Frameworks",
					"@loader_path/Frameworks",
				);
				PRODUCT_BUNDLE_IDENTIFIER = com.yoshimasa36g.ReversiInterfaceAdapter;
				PRODUCT_NAME = "$(TARGET_NAME:c99extidentifier)";
				PROVISIONING_PROFILE_SPECIFIER = "";
				"PROVISIONING_PROFILE_SPECIFIER[sdk=macosx*]" = "";
				SKIP_INSTALL = YES;
				SWIFT_VERSION = 5.0;
				TARGETED_DEVICE_FAMILY = "1,2";
				VERSIONING_SYSTEM = "apple-generic";
				VERSION_INFO_PREFIX = "";
			};
			name = Release;
		};
		8F7E6D0A24779839006109D6 /* Debug */ = {
			isa = XCBuildConfiguration;
			buildSettings = {
				ALWAYS_EMBED_SWIFT_STANDARD_LIBRARIES = YES;
				CLANG_ENABLE_MODULES = YES;
				CODE_SIGN_STYLE = Manual;
				DEVELOPMENT_TEAM = "";
				INFOPLIST_FILE = ReversiInterfaceAdapterTests/Info.plist;
				IPHONEOS_DEPLOYMENT_TARGET = 13.2;
				LD_RUNPATH_SEARCH_PATHS = (
					"$(inherited)",
					"@executable_path/Frameworks",
					"@loader_path/Frameworks",
				);
				PRODUCT_BUNDLE_IDENTIFIER = com.yoshimasa36g.ReversiInterfaceAdapterTests;
				PRODUCT_NAME = "$(TARGET_NAME)";
				PROVISIONING_PROFILE_SPECIFIER = "";
				"PROVISIONING_PROFILE_SPECIFIER[sdk=macosx*]" = "";
				SWIFT_OPTIMIZATION_LEVEL = "-Onone";
				SWIFT_VERSION = 5.0;
				TARGETED_DEVICE_FAMILY = "1,2";
				TEST_HOST = "$(BUILT_PRODUCTS_DIR)/Reversi.app/Reversi";
			};
			name = Debug;
		};
		8F7E6D0B24779839006109D6 /* Release */ = {
			isa = XCBuildConfiguration;
			buildSettings = {
				ALWAYS_EMBED_SWIFT_STANDARD_LIBRARIES = YES;
				CLANG_ENABLE_MODULES = YES;
				CODE_SIGN_STYLE = Manual;
				DEVELOPMENT_TEAM = "";
				INFOPLIST_FILE = ReversiInterfaceAdapterTests/Info.plist;
				IPHONEOS_DEPLOYMENT_TARGET = 13.2;
				LD_RUNPATH_SEARCH_PATHS = (
					"$(inherited)",
					"@executable_path/Frameworks",
					"@loader_path/Frameworks",
				);
				PRODUCT_BUNDLE_IDENTIFIER = com.yoshimasa36g.ReversiInterfaceAdapterTests;
				PRODUCT_NAME = "$(TARGET_NAME)";
				PROVISIONING_PROFILE_SPECIFIER = "";
				"PROVISIONING_PROFILE_SPECIFIER[sdk=macosx*]" = "";
				SWIFT_VERSION = 5.0;
				TARGETED_DEVICE_FAMILY = "1,2";
				TEST_HOST = "$(BUILT_PRODUCTS_DIR)/Reversi.app/Reversi";
			};
			name = Release;
		};
		8FA1B39B2475FF13003BAAC0 /* Debug */ = {
			isa = XCBuildConfiguration;
			buildSettings = {
				CLANG_ENABLE_MODULES = YES;
				CODE_SIGN_STYLE = Manual;
				CURRENT_PROJECT_VERSION = 1;
				DEFINES_MODULE = YES;
				DERIVE_MACCATALYST_PRODUCT_BUNDLE_IDENTIFIER = NO;
				DEVELOPMENT_TEAM = "";
				DYLIB_COMPATIBILITY_VERSION = 1;
				DYLIB_CURRENT_VERSION = 1;
				DYLIB_INSTALL_NAME_BASE = "@rpath";
				INFOPLIST_FILE = ReversiEntity/Info.plist;
				INSTALL_PATH = "$(LOCAL_LIBRARY_DIR)/Frameworks";
				IPHONEOS_DEPLOYMENT_TARGET = 13.2;
				LD_RUNPATH_SEARCH_PATHS = (
					"$(inherited)",
					"@executable_path/Frameworks",
					"@loader_path/Frameworks",
				);
				PRODUCT_BUNDLE_IDENTIFIER = com.yoshimasa36g.ReversiEntity;
				PRODUCT_NAME = "$(TARGET_NAME:c99extidentifier)";
				PROVISIONING_PROFILE_SPECIFIER = "";
				"PROVISIONING_PROFILE_SPECIFIER[sdk=macosx*]" = "";
				SKIP_INSTALL = YES;
				SUPPORTS_MACCATALYST = NO;
				SWIFT_OPTIMIZATION_LEVEL = "-Onone";
				SWIFT_VERSION = 5.0;
				TARGETED_DEVICE_FAMILY = "1,2";
				VERSIONING_SYSTEM = "apple-generic";
				VERSION_INFO_PREFIX = "";
			};
			name = Debug;
		};
		8FA1B39C2475FF13003BAAC0 /* Release */ = {
			isa = XCBuildConfiguration;
			buildSettings = {
				CLANG_ENABLE_MODULES = YES;
				CODE_SIGN_STYLE = Manual;
				CURRENT_PROJECT_VERSION = 1;
				DEFINES_MODULE = YES;
				DERIVE_MACCATALYST_PRODUCT_BUNDLE_IDENTIFIER = NO;
				DEVELOPMENT_TEAM = "";
				DYLIB_COMPATIBILITY_VERSION = 1;
				DYLIB_CURRENT_VERSION = 1;
				DYLIB_INSTALL_NAME_BASE = "@rpath";
				INFOPLIST_FILE = ReversiEntity/Info.plist;
				INSTALL_PATH = "$(LOCAL_LIBRARY_DIR)/Frameworks";
				IPHONEOS_DEPLOYMENT_TARGET = 13.2;
				LD_RUNPATH_SEARCH_PATHS = (
					"$(inherited)",
					"@executable_path/Frameworks",
					"@loader_path/Frameworks",
				);
				PRODUCT_BUNDLE_IDENTIFIER = com.yoshimasa36g.ReversiEntity;
				PRODUCT_NAME = "$(TARGET_NAME:c99extidentifier)";
				PROVISIONING_PROFILE_SPECIFIER = "";
				"PROVISIONING_PROFILE_SPECIFIER[sdk=macosx*]" = "";
				SKIP_INSTALL = YES;
				SUPPORTS_MACCATALYST = NO;
				SWIFT_VERSION = 5.0;
				TARGETED_DEVICE_FAMILY = "1,2";
				VERSIONING_SYSTEM = "apple-generic";
				VERSION_INFO_PREFIX = "";
			};
			name = Release;
		};
		8FA1B39F2475FF13003BAAC0 /* Debug */ = {
			isa = XCBuildConfiguration;
			buildSettings = {
				ALWAYS_EMBED_SWIFT_STANDARD_LIBRARIES = YES;
				CLANG_ENABLE_MODULES = YES;
				CODE_SIGN_STYLE = Manual;
				DEVELOPMENT_TEAM = "";
				INFOPLIST_FILE = ReversiEntityTests/Info.plist;
				IPHONEOS_DEPLOYMENT_TARGET = 13.2;
				LD_RUNPATH_SEARCH_PATHS = (
					"$(inherited)",
					"@executable_path/Frameworks",
					"@loader_path/Frameworks",
				);
				PRODUCT_BUNDLE_IDENTIFIER = com.yoshimasa36g.ReversiEntityTests;
				PRODUCT_NAME = "$(TARGET_NAME)";
				PROVISIONING_PROFILE_SPECIFIER = "";
				"PROVISIONING_PROFILE_SPECIFIER[sdk=macosx*]" = "";
				SWIFT_OPTIMIZATION_LEVEL = "-Onone";
				SWIFT_VERSION = 5.0;
				TARGETED_DEVICE_FAMILY = "1,2";
				TEST_HOST = "$(BUILT_PRODUCTS_DIR)/Reversi.app/Reversi";
			};
			name = Debug;
		};
		8FA1B3A02475FF13003BAAC0 /* Release */ = {
			isa = XCBuildConfiguration;
			buildSettings = {
				ALWAYS_EMBED_SWIFT_STANDARD_LIBRARIES = YES;
				CLANG_ENABLE_MODULES = YES;
				CODE_SIGN_STYLE = Manual;
				DEVELOPMENT_TEAM = "";
				INFOPLIST_FILE = ReversiEntityTests/Info.plist;
				IPHONEOS_DEPLOYMENT_TARGET = 13.2;
				LD_RUNPATH_SEARCH_PATHS = (
					"$(inherited)",
					"@executable_path/Frameworks",
					"@loader_path/Frameworks",
				);
				PRODUCT_BUNDLE_IDENTIFIER = com.yoshimasa36g.ReversiEntityTests;
				PRODUCT_NAME = "$(TARGET_NAME)";
				PROVISIONING_PROFILE_SPECIFIER = "";
				"PROVISIONING_PROFILE_SPECIFIER[sdk=macosx*]" = "";
				SWIFT_VERSION = 5.0;
				TARGETED_DEVICE_FAMILY = "1,2";
				TEST_HOST = "$(BUILT_PRODUCTS_DIR)/Reversi.app/Reversi";
			};
			name = Release;
		};
		D642BDCD23A9FE4800396732 /* Debug */ = {
			isa = XCBuildConfiguration;
			buildSettings = {
				ALWAYS_SEARCH_USER_PATHS = NO;
				CLANG_ANALYZER_NONNULL = YES;
				CLANG_ANALYZER_NUMBER_OBJECT_CONVERSION = YES_AGGRESSIVE;
				CLANG_CXX_LANGUAGE_STANDARD = "gnu++14";
				CLANG_CXX_LIBRARY = "libc++";
				CLANG_ENABLE_MODULES = YES;
				CLANG_ENABLE_OBJC_ARC = YES;
				CLANG_ENABLE_OBJC_WEAK = YES;
				CLANG_WARN_BLOCK_CAPTURE_AUTORELEASING = YES;
				CLANG_WARN_BOOL_CONVERSION = YES;
				CLANG_WARN_COMMA = YES;
				CLANG_WARN_CONSTANT_CONVERSION = YES;
				CLANG_WARN_DEPRECATED_OBJC_IMPLEMENTATIONS = YES;
				CLANG_WARN_DIRECT_OBJC_ISA_USAGE = YES_ERROR;
				CLANG_WARN_DOCUMENTATION_COMMENTS = YES;
				CLANG_WARN_EMPTY_BODY = YES;
				CLANG_WARN_ENUM_CONVERSION = YES;
				CLANG_WARN_INFINITE_RECURSION = YES;
				CLANG_WARN_INT_CONVERSION = YES;
				CLANG_WARN_NON_LITERAL_NULL_CONVERSION = YES;
				CLANG_WARN_OBJC_IMPLICIT_RETAIN_SELF = YES;
				CLANG_WARN_OBJC_LITERAL_CONVERSION = YES;
				CLANG_WARN_OBJC_ROOT_CLASS = YES_ERROR;
				CLANG_WARN_RANGE_LOOP_ANALYSIS = YES;
				CLANG_WARN_STRICT_PROTOTYPES = YES;
				CLANG_WARN_SUSPICIOUS_MOVE = YES;
				CLANG_WARN_UNGUARDED_AVAILABILITY = YES_AGGRESSIVE;
				CLANG_WARN_UNREACHABLE_CODE = YES;
				CLANG_WARN__DUPLICATE_METHOD_MATCH = YES;
				COPY_PHASE_STRIP = NO;
				DEBUG_INFORMATION_FORMAT = dwarf;
				ENABLE_STRICT_OBJC_MSGSEND = YES;
				ENABLE_TESTABILITY = YES;
				GCC_C_LANGUAGE_STANDARD = gnu11;
				GCC_DYNAMIC_NO_PIC = NO;
				GCC_NO_COMMON_BLOCKS = YES;
				GCC_OPTIMIZATION_LEVEL = 0;
				GCC_PREPROCESSOR_DEFINITIONS = (
					"DEBUG=1",
					"$(inherited)",
				);
				GCC_WARN_64_TO_32_BIT_CONVERSION = YES;
				GCC_WARN_ABOUT_RETURN_TYPE = YES_ERROR;
				GCC_WARN_UNDECLARED_SELECTOR = YES;
				GCC_WARN_UNINITIALIZED_AUTOS = YES_AGGRESSIVE;
				GCC_WARN_UNUSED_FUNCTION = YES;
				GCC_WARN_UNUSED_VARIABLE = YES;
				MTL_ENABLE_DEBUG_INFO = INCLUDE_SOURCE;
				MTL_FAST_MATH = YES;
				ONLY_ACTIVE_ARCH = YES;
				SDKROOT = iphoneos;
				SWIFT_ACTIVE_COMPILATION_CONDITIONS = DEBUG;
				SWIFT_OPTIMIZATION_LEVEL = "-Onone";
			};
			name = Debug;
		};
		D642BDCE23A9FE4800396732 /* Release */ = {
			isa = XCBuildConfiguration;
			buildSettings = {
				ALWAYS_SEARCH_USER_PATHS = NO;
				CLANG_ANALYZER_NONNULL = YES;
				CLANG_ANALYZER_NUMBER_OBJECT_CONVERSION = YES_AGGRESSIVE;
				CLANG_CXX_LANGUAGE_STANDARD = "gnu++14";
				CLANG_CXX_LIBRARY = "libc++";
				CLANG_ENABLE_MODULES = YES;
				CLANG_ENABLE_OBJC_ARC = YES;
				CLANG_ENABLE_OBJC_WEAK = YES;
				CLANG_WARN_BLOCK_CAPTURE_AUTORELEASING = YES;
				CLANG_WARN_BOOL_CONVERSION = YES;
				CLANG_WARN_COMMA = YES;
				CLANG_WARN_CONSTANT_CONVERSION = YES;
				CLANG_WARN_DEPRECATED_OBJC_IMPLEMENTATIONS = YES;
				CLANG_WARN_DIRECT_OBJC_ISA_USAGE = YES_ERROR;
				CLANG_WARN_DOCUMENTATION_COMMENTS = YES;
				CLANG_WARN_EMPTY_BODY = YES;
				CLANG_WARN_ENUM_CONVERSION = YES;
				CLANG_WARN_INFINITE_RECURSION = YES;
				CLANG_WARN_INT_CONVERSION = YES;
				CLANG_WARN_NON_LITERAL_NULL_CONVERSION = YES;
				CLANG_WARN_OBJC_IMPLICIT_RETAIN_SELF = YES;
				CLANG_WARN_OBJC_LITERAL_CONVERSION = YES;
				CLANG_WARN_OBJC_ROOT_CLASS = YES_ERROR;
				CLANG_WARN_RANGE_LOOP_ANALYSIS = YES;
				CLANG_WARN_STRICT_PROTOTYPES = YES;
				CLANG_WARN_SUSPICIOUS_MOVE = YES;
				CLANG_WARN_UNGUARDED_AVAILABILITY = YES_AGGRESSIVE;
				CLANG_WARN_UNREACHABLE_CODE = YES;
				CLANG_WARN__DUPLICATE_METHOD_MATCH = YES;
				COPY_PHASE_STRIP = NO;
				DEBUG_INFORMATION_FORMAT = "dwarf-with-dsym";
				ENABLE_NS_ASSERTIONS = NO;
				ENABLE_STRICT_OBJC_MSGSEND = YES;
				GCC_C_LANGUAGE_STANDARD = gnu11;
				GCC_NO_COMMON_BLOCKS = YES;
				GCC_WARN_64_TO_32_BIT_CONVERSION = YES;
				GCC_WARN_ABOUT_RETURN_TYPE = YES_ERROR;
				GCC_WARN_UNDECLARED_SELECTOR = YES;
				GCC_WARN_UNINITIALIZED_AUTOS = YES_AGGRESSIVE;
				GCC_WARN_UNUSED_FUNCTION = YES;
				GCC_WARN_UNUSED_VARIABLE = YES;
				MTL_ENABLE_DEBUG_INFO = NO;
				MTL_FAST_MATH = YES;
				SDKROOT = iphoneos;
				SWIFT_COMPILATION_MODE = wholemodule;
				SWIFT_OPTIMIZATION_LEVEL = "-O";
				VALIDATE_PRODUCT = YES;
			};
			name = Release;
		};
		D642BDD023A9FE4800396732 /* Debug */ = {
			isa = XCBuildConfiguration;
			buildSettings = {
				ALWAYS_EMBED_SWIFT_STANDARD_LIBRARIES = YES;
				ASSETCATALOG_COMPILER_APPICON_NAME = AppIcon;
				CODE_SIGN_STYLE = Manual;
				DEVELOPMENT_TEAM = "";
				INFOPLIST_FILE = Reversi/Info.plist;
				LD_RUNPATH_SEARCH_PATHS = (
					"$(inherited)",
					"@executable_path/Frameworks",
				);
				PRODUCT_BUNDLE_IDENTIFIER = com.yoshimasa36g.Reversi;
				PRODUCT_NAME = "$(TARGET_NAME)";
				PROVISIONING_PROFILE_SPECIFIER = "";
				SWIFT_VERSION = 5.0;
				TARGETED_DEVICE_FAMILY = "1,2";
			};
			name = Debug;
		};
		D642BDD123A9FE4800396732 /* Release */ = {
			isa = XCBuildConfiguration;
			buildSettings = {
				ALWAYS_EMBED_SWIFT_STANDARD_LIBRARIES = YES;
				ASSETCATALOG_COMPILER_APPICON_NAME = AppIcon;
				CODE_SIGN_STYLE = Manual;
				DEVELOPMENT_TEAM = "";
				INFOPLIST_FILE = Reversi/Info.plist;
				LD_RUNPATH_SEARCH_PATHS = (
					"$(inherited)",
					"@executable_path/Frameworks",
				);
				PRODUCT_BUNDLE_IDENTIFIER = com.yoshimasa36g.Reversi;
				PRODUCT_NAME = "$(TARGET_NAME)";
				PROVISIONING_PROFILE_SPECIFIER = "";
				SWIFT_VERSION = 5.0;
				TARGETED_DEVICE_FAMILY = "1,2";
			};
			name = Release;
		};
		D642BDD323A9FE4800396732 /* Debug */ = {
			isa = XCBuildConfiguration;
			buildSettings = {
				ALWAYS_EMBED_SWIFT_STANDARD_LIBRARIES = YES;
				BUNDLE_LOADER = "$(TEST_HOST)";
				CODE_SIGN_STYLE = Manual;
				DEVELOPMENT_TEAM = "";
				INFOPLIST_FILE = ReversiTests/Info.plist;
				LD_RUNPATH_SEARCH_PATHS = (
					"$(inherited)",
					"@executable_path/Frameworks",
					"@loader_path/Frameworks",
				);
				PRODUCT_BUNDLE_IDENTIFIER = org.koherent.ReversiTests;
				PRODUCT_NAME = "$(TARGET_NAME)";
				PROVISIONING_PROFILE_SPECIFIER = "";
				"PROVISIONING_PROFILE_SPECIFIER[sdk=macosx*]" = "";
				SWIFT_VERSION = 5.0;
				TARGETED_DEVICE_FAMILY = "1,2";
				TEST_HOST = "$(BUILT_PRODUCTS_DIR)/Reversi.app/Reversi";
			};
			name = Debug;
		};
		D642BDD423A9FE4800396732 /* Release */ = {
			isa = XCBuildConfiguration;
			buildSettings = {
				ALWAYS_EMBED_SWIFT_STANDARD_LIBRARIES = YES;
				BUNDLE_LOADER = "$(TEST_HOST)";
				CODE_SIGN_STYLE = Manual;
				DEVELOPMENT_TEAM = "";
				INFOPLIST_FILE = ReversiTests/Info.plist;
				LD_RUNPATH_SEARCH_PATHS = (
					"$(inherited)",
					"@executable_path/Frameworks",
					"@loader_path/Frameworks",
				);
				PRODUCT_BUNDLE_IDENTIFIER = org.koherent.ReversiTests;
				PRODUCT_NAME = "$(TARGET_NAME)";
				PROVISIONING_PROFILE_SPECIFIER = "";
				"PROVISIONING_PROFILE_SPECIFIER[sdk=macosx*]" = "";
				SWIFT_VERSION = 5.0;
				TARGETED_DEVICE_FAMILY = "1,2";
				TEST_HOST = "$(BUILT_PRODUCTS_DIR)/Reversi.app/Reversi";
			};
			name = Release;
		};
/* End XCBuildConfiguration section */

/* Begin XCConfigurationList section */
		8F7E6CE224779782006109D6 /* Build configuration list for PBXNativeTarget "ReversiUseCase" */ = {
			isa = XCConfigurationList;
			buildConfigurations = (
				8F7E6CDE24779782006109D6 /* Debug */,
				8F7E6CDF24779782006109D6 /* Release */,
			);
			defaultConfigurationIsVisible = 0;
			defaultConfigurationName = Release;
		};
		8F7E6CE324779782006109D6 /* Build configuration list for PBXNativeTarget "ReversiUseCaseTests" */ = {
			isa = XCConfigurationList;
			buildConfigurations = (
				8F7E6CE024779782006109D6 /* Debug */,
				8F7E6CE124779782006109D6 /* Release */,
			);
			defaultConfigurationIsVisible = 0;
			defaultConfigurationName = Release;
		};
		8F7E6D0624779839006109D6 /* Build configuration list for PBXNativeTarget "ReversiInterfaceAdapter" */ = {
			isa = XCConfigurationList;
			buildConfigurations = (
				8F7E6D0724779839006109D6 /* Debug */,
				8F7E6D0824779839006109D6 /* Release */,
			);
			defaultConfigurationIsVisible = 0;
			defaultConfigurationName = Release;
		};
		8F7E6D0924779839006109D6 /* Build configuration list for PBXNativeTarget "ReversiInterfaceAdapterTests" */ = {
			isa = XCConfigurationList;
			buildConfigurations = (
				8F7E6D0A24779839006109D6 /* Debug */,
				8F7E6D0B24779839006109D6 /* Release */,
			);
			defaultConfigurationIsVisible = 0;
			defaultConfigurationName = Release;
		};
		8FA1B39A2475FF13003BAAC0 /* Build configuration list for PBXNativeTarget "ReversiEntity" */ = {
			isa = XCConfigurationList;
			buildConfigurations = (
				8FA1B39B2475FF13003BAAC0 /* Debug */,
				8FA1B39C2475FF13003BAAC0 /* Release */,
			);
			defaultConfigurationIsVisible = 0;
			defaultConfigurationName = Release;
		};
		8FA1B39E2475FF13003BAAC0 /* Build configuration list for PBXNativeTarget "ReversiEntityTests" */ = {
			isa = XCConfigurationList;
			buildConfigurations = (
				8FA1B39F2475FF13003BAAC0 /* Debug */,
				8FA1B3A02475FF13003BAAC0 /* Release */,
			);
			defaultConfigurationIsVisible = 0;
			defaultConfigurationName = Release;
		};
		D642BDAB23A9FE4500396732 /* Build configuration list for PBXProject "Reversi" */ = {
			isa = XCConfigurationList;
			buildConfigurations = (
				D642BDCD23A9FE4800396732 /* Debug */,
				D642BDCE23A9FE4800396732 /* Release */,
			);
			defaultConfigurationIsVisible = 0;
			defaultConfigurationName = Release;
		};
		D642BDCF23A9FE4800396732 /* Build configuration list for PBXNativeTarget "Reversi" */ = {
			isa = XCConfigurationList;
			buildConfigurations = (
				D642BDD023A9FE4800396732 /* Debug */,
				D642BDD123A9FE4800396732 /* Release */,
			);
			defaultConfigurationIsVisible = 0;
			defaultConfigurationName = Release;
		};
		D642BDD223A9FE4800396732 /* Build configuration list for PBXNativeTarget "ReversiTests" */ = {
			isa = XCConfigurationList;
			buildConfigurations = (
				D642BDD323A9FE4800396732 /* Debug */,
				D642BDD423A9FE4800396732 /* Release */,
			);
			defaultConfigurationIsVisible = 0;
			defaultConfigurationName = Release;
		};
/* End XCConfigurationList section */
	};
	rootObject = D642BDA823A9FE4500396732 /* Project object */;
}
